// !$*UTF8*$!
{
	archiveVersion = 1;
	classes = {
	};
	objectVersion = 55;
	objects = {

/* Begin PBXBuildFile section */
		8C3ADAF42775AE3000A6C99A /* longestPalindromicSubstring.cpp in Sources */ = {isa = PBXBuildFile; fileRef = 8C3ADAF32775AE3000A6C99A /* longestPalindromicSubstring.cpp */; };
		8C4690B02771094C001B9381 /* func.cpp in Sources */ = {isa = PBXBuildFile; fileRef = 8C4690AF2771094C001B9381 /* func.cpp */; };
		8C6A591B276A31AB007DDBFE /* main.cpp in Sources */ = {isa = PBXBuildFile; fileRef = 8C6A591A276A31AB007DDBFE /* main.cpp */; };
		8CA9294C277CBA320014D599 /* longestConsecutiveSequence.cpp in Sources */ = {isa = PBXBuildFile; fileRef = 8CA9294B277CBA320014D599 /* longestConsecutiveSequence.cpp */; };
		8CB5A5C22778FC1400CD1D90 /* largestNumnber.cpp in Sources */ = {isa = PBXBuildFile; fileRef = 8CB5A5C12778FC1400CD1D90 /* largestNumnber.cpp */; };
		8CB5A5CB2779B95000CD1D90 /* distinctNumbersWindow.cpp in Sources */ = {isa = PBXBuildFile; fileRef = 8CB5A5CA2779B95000CD1D90 /* distinctNumbersWindow.cpp */; };
/* End PBXBuildFile section */

/* Begin PBXCopyFilesBuildPhase section */
		8C3ADAEA2775AA8600A6C99A /* CopyFiles */ = {
			isa = PBXCopyFilesBuildPhase;
			buildActionMask = 2147483647;
			dstPath = /usr/share/man/man1/;
			dstSubfolderSpec = 0;
			files = (
			);
			runOnlyForDeploymentPostprocessing = 1;
		};
		8C42E48E2770951C00D2D841 /* CopyFiles */ = {
			isa = PBXCopyFilesBuildPhase;
			buildActionMask = 2147483647;
			dstPath = /usr/share/man/man1/;
			dstSubfolderSpec = 0;
			files = (
			);
			runOnlyForDeploymentPostprocessing = 1;
		};
		8C4690A32770F2AA001B9381 /* CopyFiles */ = {
			isa = PBXCopyFilesBuildPhase;
			buildActionMask = 2147483647;
			dstPath = /usr/share/man/man1/;
			dstSubfolderSpec = 0;
			files = (
			);
			runOnlyForDeploymentPostprocessing = 1;
		};
		8C6A5915276A31AB007DDBFE /* CopyFiles */ = {
			isa = PBXCopyFilesBuildPhase;
			buildActionMask = 2147483647;
			dstPath = /usr/share/man/man1/;
			dstSubfolderSpec = 0;
			files = (
			);
			runOnlyForDeploymentPostprocessing = 1;
		};
		8C9174172776EEEB005448CA /* CopyFiles */ = {
			isa = PBXCopyFilesBuildPhase;
			buildActionMask = 2147483647;
			dstPath = /usr/share/man/man1/;
			dstSubfolderSpec = 0;
			files = (
			);
			runOnlyForDeploymentPostprocessing = 1;
		};
		8C9174222776EF04005448CA /* CopyFiles */ = {
			isa = PBXCopyFilesBuildPhase;
			buildActionMask = 2147483647;
			dstPath = /usr/share/man/man1/;
			dstSubfolderSpec = 0;
			files = (
			);
			runOnlyForDeploymentPostprocessing = 1;
		};
		8CB21B3B276B5F05008FEFFB /* CopyFiles */ = {
			isa = PBXCopyFilesBuildPhase;
			buildActionMask = 2147483647;
			dstPath = /usr/share/man/man1/;
			dstSubfolderSpec = 0;
			files = (
			);
			runOnlyForDeploymentPostprocessing = 1;
		};
		8CB5A5B82778FBFD00CD1D90 /* CopyFiles */ = {
			isa = PBXCopyFilesBuildPhase;
			buildActionMask = 2147483647;
			dstPath = /usr/share/man/man1/;
			dstSubfolderSpec = 0;
			files = (
			);
			runOnlyForDeploymentPostprocessing = 1;
		};
/* End PBXCopyFilesBuildPhase section */

/* Begin PBXFileReference section */
		8C3ADAE4277478DB00A6C99A /* checkPalindrome.cpp */ = {isa = PBXFileReference; lastKnownFileType = sourcecode.cpp.cpp; path = checkPalindrome.cpp; sourceTree = "<group>"; };
		8C3ADAE62774D3AD00A6C99A /* colorfulNumbers.cpp */ = {isa = PBXFileReference; lastKnownFileType = sourcecode.cpp.cpp; path = colorfulNumbers.cpp; sourceTree = "<group>"; };
		8C3ADAEC2775AA8600A6C99A /* Strings */ = {isa = PBXFileReference; explicitFileType = "compiled.mach-o.executable"; includeInIndex = 0; path = Strings; sourceTree = BUILT_PRODUCTS_DIR; };
		8C3ADAEE2775AA8700A6C99A /* main.cpp */ = {isa = PBXFileReference; lastKnownFileType = sourcecode.cpp.cpp; path = main.cpp; sourceTree = "<group>"; };
		8C3ADAF32775AE3000A6C99A /* longestPalindromicSubstring.cpp */ = {isa = PBXFileReference; lastKnownFileType = sourcecode.cpp.cpp; path = longestPalindromicSubstring.cpp; sourceTree = "<group>"; };
		8C3ADAF527764B1500A6C99A /* LargetContinuousSeqZeroSum.cpp */ = {isa = PBXFileReference; lastKnownFileType = sourcecode.cpp.cpp; path = LargetContinuousSeqZeroSum.cpp; sourceTree = "<group>"; };
		8C42E4902770951C00D2D841 /* LinkedList */ = {isa = PBXFileReference; explicitFileType = "compiled.mach-o.executable"; includeInIndex = 0; path = LinkedList; sourceTree = BUILT_PRODUCTS_DIR; };
		8C42E4922770951C00D2D841 /* main.cpp */ = {isa = PBXFileReference; lastKnownFileType = sourcecode.cpp.cpp; path = main.cpp; sourceTree = "<group>"; };
		8C42E4972770DC3400D2D841 /* creatingNode.cpp */ = {isa = PBXFileReference; lastKnownFileType = sourcecode.cpp.cpp; path = creatingNode.cpp; sourceTree = "<group>"; };
		8C4690A52770F2AA001B9381 /* LearningTheLang */ = {isa = PBXFileReference; explicitFileType = "compiled.mach-o.executable"; includeInIndex = 0; path = LearningTheLang; sourceTree = BUILT_PRODUCTS_DIR; };
		8C4690A72770F2AA001B9381 /* main.cpp */ = {isa = PBXFileReference; lastKnownFileType = sourcecode.cpp.cpp; path = main.cpp; sourceTree = "<group>"; };
		8C4690AC2770F84C001B9381 /* pointers.cpp */ = {isa = PBXFileReference; lastKnownFileType = sourcecode.cpp.cpp; path = pointers.cpp; sourceTree = "<group>"; };
		8C4690AF2771094C001B9381 /* func.cpp */ = {isa = PBXFileReference; lastKnownFileType = sourcecode.cpp.cpp; path = func.cpp; sourceTree = "<group>"; };
		8C4690B227724A20001B9381 /* conceptUnderstanding.cpp */ = {isa = PBXFileReference; lastKnownFileType = sourcecode.cpp.cpp; path = conceptUnderstanding.cpp; sourceTree = "<group>"; };
		8C6A5917276A31AB007DDBFE /* Scaler_DSA */ = {isa = PBXFileReference; explicitFileType = "compiled.mach-o.executable"; includeInIndex = 0; path = Scaler_DSA; sourceTree = BUILT_PRODUCTS_DIR; };
		8C6A591A276A31AB007DDBFE /* main.cpp */ = {isa = PBXFileReference; lastKnownFileType = sourcecode.cpp.cpp; path = main.cpp; sourceTree = "<group>"; };
		8C73C99B276E5C6400C3A4DC /* SumOfPairK.cpp */ = {isa = PBXFileReference; lastKnownFileType = sourcecode.cpp.cpp; path = SumOfPairK.cpp; sourceTree = "<group>"; };
		8C9174192776EEEB005448CA /* greatestElmentsOne */ = {isa = PBXFileReference; explicitFileType = "compiled.mach-o.executable"; includeInIndex = 0; path = greatestElmentsOne; sourceTree = BUILT_PRODUCTS_DIR; };
		8C9174242776EF04005448CA /* Arrays */ = {isa = PBXFileReference; explicitFileType = "compiled.mach-o.executable"; includeInIndex = 0; path = Arrays; sourceTree = BUILT_PRODUCTS_DIR; };
		8C9174262776EF04005448CA /* main.cpp */ = {isa = PBXFileReference; lastKnownFileType = sourcecode.cpp.cpp; path = main.cpp; sourceTree = "<group>"; };
		8C91742B2776EF14005448CA /* greatestElementOne.cpp */ = {isa = PBXFileReference; lastKnownFileType = sourcecode.cpp.cpp; path = greatestElementOne.cpp; sourceTree = "<group>"; };
		8C91742D27777931005448CA /* subArrLeastAvrg.cpp */ = {isa = PBXFileReference; lastKnownFileType = sourcecode.cpp.cpp; path = subArrLeastAvrg.cpp; sourceTree = "<group>"; };
		8C91742F277789B6005448CA /* closestMinMax.cpp */ = {isa = PBXFileReference; lastKnownFileType = sourcecode.cpp.cpp; path = closestMinMax.cpp; sourceTree = "<group>"; };
		8C9174312777BAA9005448CA /* search_in_a row_wise_and_column_wise_sorted_maatrix.cpp */ = {isa = PBXFileReference; lastKnownFileType = sourcecode.cpp.cpp; path = "search_in_a row_wise_and_column_wise_sorted_maatrix.cpp"; sourceTree = "<group>"; };
		8CA9294B277CBA320014D599 /* longestConsecutiveSequence.cpp */ = {isa = PBXFileReference; lastKnownFileType = sourcecode.cpp.cpp; path = longestConsecutiveSequence.cpp; sourceTree = "<group>"; };
		8CB21B3D276B5F05008FEFFB /* Hashing */ = {isa = PBXFileReference; explicitFileType = "compiled.mach-o.executable"; includeInIndex = 0; path = Hashing; sourceTree = BUILT_PRODUCTS_DIR; };
		8CB21B3F276B5F05008FEFFB /* main.cpp */ = {isa = PBXFileReference; lastKnownFileType = sourcecode.cpp.cpp; path = main.cpp; sourceTree = "<group>"; };
		8CB21B46276B602B008FEFFB /* firstRepeatinElement.cpp */ = {isa = PBXFileReference; lastKnownFileType = sourcecode.cpp.cpp; path = firstRepeatinElement.cpp; sourceTree = "<group>"; };
		8CB21B49276C9ECF008FEFFB /* subarray_Given_Sum.cpp */ = {isa = PBXFileReference; lastKnownFileType = sourcecode.cpp.cpp; path = subarray_Given_Sum.cpp; sourceTree = "<group>"; };
		8CB5A5B02778717200CD1D90 /* lowerMatrixMatrix.cpp */ = {isa = PBXFileReference; lastKnownFileType = sourcecode.cpp.cpp; path = lowerMatrixMatrix.cpp; sourceTree = "<group>"; };
		8CB5A5B2277884B000CD1D90 /* specialSubSequenceAG.cpp */ = {isa = PBXFileReference; lastKnownFileType = sourcecode.cpp.cpp; path = specialSubSequenceAG.cpp; sourceTree = "<group>"; };
		8CB5A5B42778D94300CD1D90 /* minimumAbsDifference.cpp */ = {isa = PBXFileReference; lastKnownFileType = sourcecode.cpp.cpp; path = minimumAbsDifference.cpp; sourceTree = "<group>"; };
		8CB5A5BA2778FBFD00CD1D90 /* Sorting */ = {isa = PBXFileReference; explicitFileType = "compiled.mach-o.executable"; includeInIndex = 0; path = Sorting; sourceTree = BUILT_PRODUCTS_DIR; };
		8CB5A5BC2778FBFD00CD1D90 /* main.cpp */ = {isa = PBXFileReference; lastKnownFileType = sourcecode.cpp.cpp; path = main.cpp; sourceTree = "<group>"; };
		8CB5A5C12778FC1400CD1D90 /* largestNumnber.cpp */ = {isa = PBXFileReference; lastKnownFileType = sourcecode.cpp.cpp; path = largestNumnber.cpp; sourceTree = "<group>"; };
		8CB5A5C32779025700CD1D90 /* patternPriinting2.cpp */ = {isa = PBXFileReference; lastKnownFileType = sourcecode.cpp.cpp; path = patternPriinting2.cpp; sourceTree = "<group>"; };
		8CB5A5C82779961200CD1D90 /* xorQueries.cpp */ = {isa = PBXFileReference; lastKnownFileType = sourcecode.cpp.cpp; path = xorQueries.cpp; sourceTree = "<group>"; };
		8CB5A5CA2779B95000CD1D90 /* distinctNumbersWindow.cpp */ = {isa = PBXFileReference; lastKnownFileType = sourcecode.cpp.cpp; path = distinctNumbersWindow.cpp; sourceTree = "<group>"; };
		8CB5A5CC2779DCBE00CD1D90 /* searchSortedMatrix.cpp */ = {isa = PBXFileReference; lastKnownFileType = sourcecode.cpp.cpp; path = searchSortedMatrix.cpp; sourceTree = "<group>"; };
		8CB5A5CE277A063A00CD1D90 /* RowWithMaxNumberOnes.cpp */ = {isa = PBXFileReference; lastKnownFileType = sourcecode.cpp.cpp; path = RowWithMaxNumberOnes.cpp; sourceTree = "<group>"; };
		8CB5A5D0277A158E00CD1D90 /* lengthLonogestConsecutiveOnes.cpp */ = {isa = PBXFileReference; lastKnownFileType = sourcecode.cpp.cpp; path = lengthLonogestConsecutiveOnes.cpp; sourceTree = "<group>"; };
		8CB5A5D2277A35E500CD1D90 /* rotateMatrix.cpp */ = {isa = PBXFileReference; lastKnownFileType = sourcecode.cpp.cpp; path = rotateMatrix.cpp; sourceTree = "<group>"; };
		8CB5A5D4277A449F00CD1D90 /* PatternPrinting2.cpp */ = {isa = PBXFileReference; lastKnownFileType = sourcecode.cpp.cpp; path = PatternPrinting2.cpp; sourceTree = "<group>"; };
/* End PBXFileReference section */

/* Begin PBXFrameworksBuildPhase section */
		8C3ADAE92775AA8600A6C99A /* Frameworks */ = {
			isa = PBXFrameworksBuildPhase;
			buildActionMask = 2147483647;
			files = (
			);
			runOnlyForDeploymentPostprocessing = 0;
		};
		8C42E48D2770951C00D2D841 /* Frameworks */ = {
			isa = PBXFrameworksBuildPhase;
			buildActionMask = 2147483647;
			files = (
			);
			runOnlyForDeploymentPostprocessing = 0;
		};
		8C4690A22770F2AA001B9381 /* Frameworks */ = {
			isa = PBXFrameworksBuildPhase;
			buildActionMask = 2147483647;
			files = (
			);
			runOnlyForDeploymentPostprocessing = 0;
		};
		8C6A5914276A31AB007DDBFE /* Frameworks */ = {
			isa = PBXFrameworksBuildPhase;
			buildActionMask = 2147483647;
			files = (
			);
			runOnlyForDeploymentPostprocessing = 0;
		};
		8C9174162776EEEB005448CA /* Frameworks */ = {
			isa = PBXFrameworksBuildPhase;
			buildActionMask = 2147483647;
			files = (
			);
			runOnlyForDeploymentPostprocessing = 0;
		};
		8C9174212776EF04005448CA /* Frameworks */ = {
			isa = PBXFrameworksBuildPhase;
			buildActionMask = 2147483647;
			files = (
			);
			runOnlyForDeploymentPostprocessing = 0;
		};
		8CB21B3A276B5F05008FEFFB /* Frameworks */ = {
			isa = PBXFrameworksBuildPhase;
			buildActionMask = 2147483647;
			files = (
			);
			runOnlyForDeploymentPostprocessing = 0;
		};
		8CB5A5B72778FBFD00CD1D90 /* Frameworks */ = {
			isa = PBXFrameworksBuildPhase;
			buildActionMask = 2147483647;
			files = (
			);
			runOnlyForDeploymentPostprocessing = 0;
		};
/* End PBXFrameworksBuildPhase section */

/* Begin PBXGroup section */
		8C3ADAED2775AA8700A6C99A /* Strings */ = {
			isa = PBXGroup;
			children = (
				8C3ADAEE2775AA8700A6C99A /* main.cpp */,
				8C3ADAF32775AE3000A6C99A /* longestPalindromicSubstring.cpp */,
			);
			path = Strings;
			sourceTree = "<group>";
		};
		8C42E4912770951C00D2D841 /* LinkedList */ = {
			isa = PBXGroup;
			children = (
				8C42E4922770951C00D2D841 /* main.cpp */,
				8C42E4972770DC3400D2D841 /* creatingNode.cpp */,
				8C4690B227724A20001B9381 /* conceptUnderstanding.cpp */,
			);
			path = LinkedList;
			sourceTree = "<group>";
		};
		8C4690A62770F2AA001B9381 /* LearningTheLang */ = {
			isa = PBXGroup;
			children = (
				8C4690A72770F2AA001B9381 /* main.cpp */,
				8C4690AC2770F84C001B9381 /* pointers.cpp */,
				8C4690AF2771094C001B9381 /* func.cpp */,
			);
			path = LearningTheLang;
			sourceTree = "<group>";
		};
		8C6A590E276A31AB007DDBFE = {
			isa = PBXGroup;
			children = (
				8C6A5919276A31AB007DDBFE /* Scaler_DSA */,
				8CB21B3E276B5F05008FEFFB /* Hashing */,
				8C42E4912770951C00D2D841 /* LinkedList */,
				8C4690A62770F2AA001B9381 /* LearningTheLang */,
				8C3ADAED2775AA8700A6C99A /* Strings */,
				8C9174252776EF04005448CA /* Arrays */,
				8CB5A5BB2778FBFD00CD1D90 /* Sorting */,
				8C6A5918276A31AB007DDBFE /* Products */,
			);
			sourceTree = "<group>";
		};
		8C6A5918276A31AB007DDBFE /* Products */ = {
			isa = PBXGroup;
			children = (
				8C6A5917276A31AB007DDBFE /* Scaler_DSA */,
				8CB21B3D276B5F05008FEFFB /* Hashing */,
				8C42E4902770951C00D2D841 /* LinkedList */,
				8C4690A52770F2AA001B9381 /* LearningTheLang */,
				8C3ADAEC2775AA8600A6C99A /* Strings */,
				8C9174192776EEEB005448CA /* greatestElmentsOne */,
				8C9174242776EF04005448CA /* Arrays */,
				8CB5A5BA2778FBFD00CD1D90 /* Sorting */,
			);
			name = Products;
			sourceTree = "<group>";
		};
		8C6A5919276A31AB007DDBFE /* Scaler_DSA */ = {
			isa = PBXGroup;
			children = (
				8C6A591A276A31AB007DDBFE /* main.cpp */,
			);
			path = Scaler_DSA;
			sourceTree = "<group>";
		};
		8C9174252776EF04005448CA /* Arrays */ = {
			isa = PBXGroup;
			children = (
				8C9174262776EF04005448CA /* main.cpp */,
				8C91742B2776EF14005448CA /* greatestElementOne.cpp */,
				8C91742D27777931005448CA /* subArrLeastAvrg.cpp */,
				8C91742F277789B6005448CA /* closestMinMax.cpp */,
				8C9174312777BAA9005448CA /* search_in_a row_wise_and_column_wise_sorted_maatrix.cpp */,
				8CB5A5B02778717200CD1D90 /* lowerMatrixMatrix.cpp */,
				8CB5A5B2277884B000CD1D90 /* specialSubSequenceAG.cpp */,
				8CB5A5B42778D94300CD1D90 /* minimumAbsDifference.cpp */,
				8CB5A5C32779025700CD1D90 /* patternPriinting2.cpp */,
				8CB5A5C82779961200CD1D90 /* xorQueries.cpp */,
				8CB5A5CC2779DCBE00CD1D90 /* searchSortedMatrix.cpp */,
				8CB5A5CE277A063A00CD1D90 /* RowWithMaxNumberOnes.cpp */,
				8CB5A5D0277A158E00CD1D90 /* lengthLonogestConsecutiveOnes.cpp */,
				8CB5A5D2277A35E500CD1D90 /* rotateMatrix.cpp */,
				8CB5A5D4277A449F00CD1D90 /* PatternPrinting2.cpp */,
				8CA9294B277CBA320014D599 /* longestConsecutiveSequence.cpp */,
			);
			path = Arrays;
			sourceTree = "<group>";
		};
		8CB21B3E276B5F05008FEFFB /* Hashing */ = {
			isa = PBXGroup;
			children = (
				8CB21B3F276B5F05008FEFFB /* main.cpp */,
				8CB21B46276B602B008FEFFB /* firstRepeatinElement.cpp */,
				8CB21B49276C9ECF008FEFFB /* subarray_Given_Sum.cpp */,
				8C73C99B276E5C6400C3A4DC /* SumOfPairK.cpp */,
				8C3ADAE4277478DB00A6C99A /* checkPalindrome.cpp */,
				8C3ADAE62774D3AD00A6C99A /* colorfulNumbers.cpp */,
				8C3ADAF527764B1500A6C99A /* LargetContinuousSeqZeroSum.cpp */,
				8CB5A5CA2779B95000CD1D90 /* distinctNumbersWindow.cpp */,
			);
			path = Hashing;
			sourceTree = "<group>";
		};
		8CB5A5BB2778FBFD00CD1D90 /* Sorting */ = {
			isa = PBXGroup;
			children = (
				8CB5A5BC2778FBFD00CD1D90 /* main.cpp */,
				8CB5A5C12778FC1400CD1D90 /* largestNumnber.cpp */,
			);
			path = Sorting;
			sourceTree = "<group>";
		};
/* End PBXGroup section */

/* Begin PBXNativeTarget section */
		8C3ADAEB2775AA8600A6C99A /* Strings */ = {
			isa = PBXNativeTarget;
			buildConfigurationList = 8C3ADAF02775AA8700A6C99A /* Build configuration list for PBXNativeTarget "Strings" */;
			buildPhases = (
				8C3ADAE82775AA8600A6C99A /* Sources */,
				8C3ADAE92775AA8600A6C99A /* Frameworks */,
				8C3ADAEA2775AA8600A6C99A /* CopyFiles */,
			);
			buildRules = (
			);
			dependencies = (
			);
			name = Strings;
			productName = Strings;
			productReference = 8C3ADAEC2775AA8600A6C99A /* Strings */;
			productType = "com.apple.product-type.tool";
		};
		8C42E48F2770951C00D2D841 /* LinkedList */ = {
			isa = PBXNativeTarget;
			buildConfigurationList = 8C42E4942770951C00D2D841 /* Build configuration list for PBXNativeTarget "LinkedList" */;
			buildPhases = (
				8C42E48C2770951C00D2D841 /* Sources */,
				8C42E48D2770951C00D2D841 /* Frameworks */,
				8C42E48E2770951C00D2D841 /* CopyFiles */,
			);
			buildRules = (
			);
			dependencies = (
			);
			name = LinkedList;
			productName = LinkedList;
			productReference = 8C42E4902770951C00D2D841 /* LinkedList */;
			productType = "com.apple.product-type.tool";
		};
		8C4690A42770F2AA001B9381 /* LearningTheLang */ = {
			isa = PBXNativeTarget;
			buildConfigurationList = 8C4690AB2770F2AA001B9381 /* Build configuration list for PBXNativeTarget "LearningTheLang" */;
			buildPhases = (
				8C4690A12770F2AA001B9381 /* Sources */,
				8C4690A22770F2AA001B9381 /* Frameworks */,
				8C4690A32770F2AA001B9381 /* CopyFiles */,
			);
			buildRules = (
			);
			dependencies = (
			);
			name = LearningTheLang;
			productName = LearningTheLang;
			productReference = 8C4690A52770F2AA001B9381 /* LearningTheLang */;
			productType = "com.apple.product-type.tool";
		};
		8C6A5916276A31AB007DDBFE /* Scaler_DSA */ = {
			isa = PBXNativeTarget;
			buildConfigurationList = 8C6A591E276A31AB007DDBFE /* Build configuration list for PBXNativeTarget "Scaler_DSA" */;
			buildPhases = (
				8C6A5913276A31AB007DDBFE /* Sources */,
				8C6A5914276A31AB007DDBFE /* Frameworks */,
				8C6A5915276A31AB007DDBFE /* CopyFiles */,
			);
			buildRules = (
			);
			dependencies = (
			);
			name = Scaler_DSA;
			productName = Scaler_DSA;
			productReference = 8C6A5917276A31AB007DDBFE /* Scaler_DSA */;
			productType = "com.apple.product-type.tool";
		};
		8C9174182776EEEB005448CA /* greatestElmentsOne */ = {
			isa = PBXNativeTarget;
			buildConfigurationList = 8C91741F2776EEEB005448CA /* Build configuration list for PBXNativeTarget "greatestElmentsOne" */;
			buildPhases = (
				8C9174152776EEEB005448CA /* Sources */,
				8C9174162776EEEB005448CA /* Frameworks */,
				8C9174172776EEEB005448CA /* CopyFiles */,
			);
			buildRules = (
			);
			dependencies = (
			);
			name = greatestElmentsOne;
			productName = greatestElmentsOne;
			productReference = 8C9174192776EEEB005448CA /* greatestElmentsOne */;
			productType = "com.apple.product-type.tool";
		};
		8C9174232776EF04005448CA /* Arrays */ = {
			isa = PBXNativeTarget;
			buildConfigurationList = 8C9174282776EF04005448CA /* Build configuration list for PBXNativeTarget "Arrays" */;
			buildPhases = (
				8C9174202776EF04005448CA /* Sources */,
				8C9174212776EF04005448CA /* Frameworks */,
				8C9174222776EF04005448CA /* CopyFiles */,
			);
			buildRules = (
			);
			dependencies = (
			);
			name = Arrays;
			productName = Arrays;
			productReference = 8C9174242776EF04005448CA /* Arrays */;
			productType = "com.apple.product-type.tool";
		};
		8CB21B3C276B5F05008FEFFB /* Hashing */ = {
			isa = PBXNativeTarget;
			buildConfigurationList = 8CB21B41276B5F05008FEFFB /* Build configuration list for PBXNativeTarget "Hashing" */;
			buildPhases = (
				8CB21B39276B5F05008FEFFB /* Sources */,
				8CB21B3A276B5F05008FEFFB /* Frameworks */,
				8CB21B3B276B5F05008FEFFB /* CopyFiles */,
			);
			buildRules = (
			);
			dependencies = (
			);
			name = Hashing;
			productName = Hashing;
			productReference = 8CB21B3D276B5F05008FEFFB /* Hashing */;
			productType = "com.apple.product-type.tool";
		};
		8CB5A5B92778FBFD00CD1D90 /* Sorting */ = {
			isa = PBXNativeTarget;
			buildConfigurationList = 8CB5A5BE2778FBFD00CD1D90 /* Build configuration list for PBXNativeTarget "Sorting" */;
			buildPhases = (
				8CB5A5B62778FBFD00CD1D90 /* Sources */,
				8CB5A5B72778FBFD00CD1D90 /* Frameworks */,
				8CB5A5B82778FBFD00CD1D90 /* CopyFiles */,
			);
			buildRules = (
			);
			dependencies = (
			);
			name = Sorting;
			productName = Sorting;
			productReference = 8CB5A5BA2778FBFD00CD1D90 /* Sorting */;
			productType = "com.apple.product-type.tool";
		};
/* End PBXNativeTarget section */

/* Begin PBXProject section */
		8C6A590F276A31AB007DDBFE /* Project object */ = {
			isa = PBXProject;
			attributes = {
				BuildIndependentTargetsInParallel = 1;
				LastUpgradeCheck = 1320;
				TargetAttributes = {
					8C3ADAEB2775AA8600A6C99A = {
						CreatedOnToolsVersion = 13.2.1;
					};
					8C42E48F2770951C00D2D841 = {
						CreatedOnToolsVersion = 13.2.1;
					};
					8C4690A42770F2AA001B9381 = {
						CreatedOnToolsVersion = 13.2.1;
					};
					8C6A5916276A31AB007DDBFE = {
						CreatedOnToolsVersion = 13.1;
					};
					8C9174182776EEEB005448CA = {
						CreatedOnToolsVersion = 13.2.1;
					};
					8C9174232776EF04005448CA = {
						CreatedOnToolsVersion = 13.2.1;
					};
					8CB21B3C276B5F05008FEFFB = {
						CreatedOnToolsVersion = 13.1;
					};
					8CB5A5B92778FBFD00CD1D90 = {
						CreatedOnToolsVersion = 13.2.1;
					};
				};
			};
			buildConfigurationList = 8C6A5912276A31AB007DDBFE /* Build configuration list for PBXProject "Scaler_DSA" */;
			compatibilityVersion = "Xcode 13.0";
			developmentRegion = en;
			hasScannedForEncodings = 0;
			knownRegions = (
				en,
				Base,
			);
			mainGroup = 8C6A590E276A31AB007DDBFE;
			productRefGroup = 8C6A5918276A31AB007DDBFE /* Products */;
			projectDirPath = "";
			projectRoot = "";
			targets = (
				8C6A5916276A31AB007DDBFE /* Scaler_DSA */,
				8CB21B3C276B5F05008FEFFB /* Hashing */,
				8C42E48F2770951C00D2D841 /* LinkedList */,
				8C4690A42770F2AA001B9381 /* LearningTheLang */,
				8C3ADAEB2775AA8600A6C99A /* Strings */,
				8C9174182776EEEB005448CA /* greatestElmentsOne */,
				8C9174232776EF04005448CA /* Arrays */,
				8CB5A5B92778FBFD00CD1D90 /* Sorting */,
			);
		};
/* End PBXProject section */

/* Begin PBXSourcesBuildPhase section */
		8C3ADAE82775AA8600A6C99A /* Sources */ = {
			isa = PBXSourcesBuildPhase;
			buildActionMask = 2147483647;
			files = (
				8C3ADAF42775AE3000A6C99A /* longestPalindromicSubstring.cpp in Sources */,
			);
			runOnlyForDeploymentPostprocessing = 0;
		};
		8C42E48C2770951C00D2D841 /* Sources */ = {
			isa = PBXSourcesBuildPhase;
			buildActionMask = 2147483647;
			files = (
			);
			runOnlyForDeploymentPostprocessing = 0;
		};
		8C4690A12770F2AA001B9381 /* Sources */ = {
			isa = PBXSourcesBuildPhase;
			buildActionMask = 2147483647;
			files = (
				8C4690B02771094C001B9381 /* func.cpp in Sources */,
			);
			runOnlyForDeploymentPostprocessing = 0;
		};
		8C6A5913276A31AB007DDBFE /* Sources */ = {
			isa = PBXSourcesBuildPhase;
			buildActionMask = 2147483647;
			files = (
				8C6A591B276A31AB007DDBFE /* main.cpp in Sources */,
			);
			runOnlyForDeploymentPostprocessing = 0;
		};
		8C9174152776EEEB005448CA /* Sources */ = {
			isa = PBXSourcesBuildPhase;
			buildActionMask = 2147483647;
			files = (
			);
			runOnlyForDeploymentPostprocessing = 0;
		};
		8C9174202776EF04005448CA /* Sources */ = {
			isa = PBXSourcesBuildPhase;
			buildActionMask = 2147483647;
			files = (
				8CA9294C277CBA320014D599 /* longestConsecutiveSequence.cpp in Sources */,
			);
			runOnlyForDeploymentPostprocessing = 0;
		};
		8CB21B39276B5F05008FEFFB /* Sources */ = {
			isa = PBXSourcesBuildPhase;
			buildActionMask = 2147483647;
			files = (
				8CB5A5CB2779B95000CD1D90 /* distinctNumbersWindow.cpp in Sources */,
			);
			runOnlyForDeploymentPostprocessing = 0;
		};
		8CB5A5B62778FBFD00CD1D90 /* Sources */ = {
			isa = PBXSourcesBuildPhase;
			buildActionMask = 2147483647;
			files = (
				8CB5A5C22778FC1400CD1D90 /* largestNumnber.cpp in Sources */,
			);
			runOnlyForDeploymentPostprocessing = 0;
		};
/* End PBXSourcesBuildPhase section */

/* Begin XCBuildConfiguration section */
		8C3ADAF12775AA8700A6C99A /* Debug */ = {
			isa = XCBuildConfiguration;
			buildSettings = {
				CODE_SIGN_STYLE = Automatic;
				DEVELOPMENT_TEAM = 748W2XNRKG;
				ENABLE_HARDENED_RUNTIME = YES;
				PRODUCT_NAME = "$(TARGET_NAME)";
			};
			name = Debug;
		};
		8C3ADAF22775AA8700A6C99A /* Release */ = {
			isa = XCBuildConfiguration;
			buildSettings = {
				CODE_SIGN_STYLE = Automatic;
				DEVELOPMENT_TEAM = 748W2XNRKG;
				ENABLE_HARDENED_RUNTIME = YES;
				PRODUCT_NAME = "$(TARGET_NAME)";
			};
			name = Release;
		};
		8C42E4952770951C00D2D841 /* Debug */ = {
			isa = XCBuildConfiguration;
			buildSettings = {
				CODE_SIGN_IDENTITY = "-";
				CODE_SIGN_STYLE = Automatic;
				DEVELOPMENT_TEAM = 748W2XNRKG;
				ENABLE_HARDENED_RUNTIME = YES;
				PRODUCT_NAME = "$(TARGET_NAME)";
			};
			name = Debug;
		};
		8C42E4962770951C00D2D841 /* Release */ = {
			isa = XCBuildConfiguration;
			buildSettings = {
				CODE_SIGN_IDENTITY = "-";
				CODE_SIGN_STYLE = Automatic;
				DEVELOPMENT_TEAM = 748W2XNRKG;
				ENABLE_HARDENED_RUNTIME = YES;
				PRODUCT_NAME = "$(TARGET_NAME)";
			};
			name = Release;
		};
		8C4690A92770F2AA001B9381 /* Debug */ = {
			isa = XCBuildConfiguration;
			buildSettings = {
				CODE_SIGN_IDENTITY = "-";
				CODE_SIGN_STYLE = Automatic;
				DEVELOPMENT_TEAM = 748W2XNRKG;
				ENABLE_HARDENED_RUNTIME = YES;
				PRODUCT_NAME = "$(TARGET_NAME)";
			};
			name = Debug;
		};
		8C4690AA2770F2AA001B9381 /* Release */ = {
			isa = XCBuildConfiguration;
			buildSettings = {
				CODE_SIGN_IDENTITY = "-";
				CODE_SIGN_STYLE = Automatic;
				DEVELOPMENT_TEAM = 748W2XNRKG;
				ENABLE_HARDENED_RUNTIME = YES;
				PRODUCT_NAME = "$(TARGET_NAME)";
			};
			name = Release;
		};
		8C6A591C276A31AB007DDBFE /* Debug */ = {
			isa = XCBuildConfiguration;
			buildSettings = {
				ALWAYS_SEARCH_USER_PATHS = NO;
				CLANG_ANALYZER_NONNULL = YES;
				CLANG_ANALYZER_NUMBER_OBJECT_CONVERSION = YES_AGGRESSIVE;
				CLANG_CXX_LANGUAGE_STANDARD = "gnu++17";
				CLANG_CXX_LIBRARY = "libc++";
				CLANG_ENABLE_MODULES = YES;
				CLANG_ENABLE_OBJC_ARC = YES;
				CLANG_ENABLE_OBJC_WEAK = YES;
				CLANG_WARN_BLOCK_CAPTURE_AUTORELEASING = YES;
				CLANG_WARN_BOOL_CONVERSION = YES;
				CLANG_WARN_COMMA = YES;
				CLANG_WARN_CONSTANT_CONVERSION = YES;
				CLANG_WARN_DEPRECATED_OBJC_IMPLEMENTATIONS = YES;
				CLANG_WARN_DIRECT_OBJC_ISA_USAGE = YES_ERROR;
				CLANG_WARN_DOCUMENTATION_COMMENTS = YES;
				CLANG_WARN_EMPTY_BODY = YES;
				CLANG_WARN_ENUM_CONVERSION = YES;
				CLANG_WARN_INFINITE_RECURSION = YES;
				CLANG_WARN_INT_CONVERSION = YES;
				CLANG_WARN_NON_LITERAL_NULL_CONVERSION = YES;
				CLANG_WARN_OBJC_IMPLICIT_RETAIN_SELF = YES;
				CLANG_WARN_OBJC_LITERAL_CONVERSION = YES;
				CLANG_WARN_OBJC_ROOT_CLASS = YES_ERROR;
				CLANG_WARN_QUOTED_INCLUDE_IN_FRAMEWORK_HEADER = YES;
				CLANG_WARN_RANGE_LOOP_ANALYSIS = YES;
				CLANG_WARN_STRICT_PROTOTYPES = YES;
				CLANG_WARN_SUSPICIOUS_MOVE = YES;
				CLANG_WARN_UNGUARDED_AVAILABILITY = YES_AGGRESSIVE;
				CLANG_WARN_UNREACHABLE_CODE = YES;
				CLANG_WARN__DUPLICATE_METHOD_MATCH = YES;
				COPY_PHASE_STRIP = NO;
				DEBUG_INFORMATION_FORMAT = dwarf;
				ENABLE_STRICT_OBJC_MSGSEND = YES;
				ENABLE_TESTABILITY = YES;
				GCC_C_LANGUAGE_STANDARD = gnu11;
				GCC_DYNAMIC_NO_PIC = NO;
				GCC_NO_COMMON_BLOCKS = YES;
				GCC_OPTIMIZATION_LEVEL = 0;
				GCC_PREPROCESSOR_DEFINITIONS = (
					"DEBUG=1",
					"$(inherited)",
				);
				GCC_WARN_64_TO_32_BIT_CONVERSION = YES;
				GCC_WARN_ABOUT_RETURN_TYPE = YES_ERROR;
				GCC_WARN_UNDECLARED_SELECTOR = YES;
				GCC_WARN_UNINITIALIZED_AUTOS = YES_AGGRESSIVE;
				GCC_WARN_UNUSED_FUNCTION = YES;
				GCC_WARN_UNUSED_VARIABLE = YES;
				MACOSX_DEPLOYMENT_TARGET = 12.0;
				MTL_ENABLE_DEBUG_INFO = INCLUDE_SOURCE;
				MTL_FAST_MATH = YES;
				ONLY_ACTIVE_ARCH = YES;
				SDKROOT = macosx;
			};
			name = Debug;
		};
		8C6A591D276A31AB007DDBFE /* Release */ = {
			isa = XCBuildConfiguration;
			buildSettings = {
				ALWAYS_SEARCH_USER_PATHS = NO;
				CLANG_ANALYZER_NONNULL = YES;
				CLANG_ANALYZER_NUMBER_OBJECT_CONVERSION = YES_AGGRESSIVE;
				CLANG_CXX_LANGUAGE_STANDARD = "gnu++17";
				CLANG_CXX_LIBRARY = "libc++";
				CLANG_ENABLE_MODULES = YES;
				CLANG_ENABLE_OBJC_ARC = YES;
				CLANG_ENABLE_OBJC_WEAK = YES;
				CLANG_WARN_BLOCK_CAPTURE_AUTORELEASING = YES;
				CLANG_WARN_BOOL_CONVERSION = YES;
				CLANG_WARN_COMMA = YES;
				CLANG_WARN_CONSTANT_CONVERSION = YES;
				CLANG_WARN_DEPRECATED_OBJC_IMPLEMENTATIONS = YES;
				CLANG_WARN_DIRECT_OBJC_ISA_USAGE = YES_ERROR;
				CLANG_WARN_DOCUMENTATION_COMMENTS = YES;
				CLANG_WARN_EMPTY_BODY = YES;
				CLANG_WARN_ENUM_CONVERSION = YES;
				CLANG_WARN_INFINITE_RECURSION = YES;
				CLANG_WARN_INT_CONVERSION = YES;
				CLANG_WARN_NON_LITERAL_NULL_CONVERSION = YES;
				CLANG_WARN_OBJC_IMPLICIT_RETAIN_SELF = YES;
				CLANG_WARN_OBJC_LITERAL_CONVERSION = YES;
				CLANG_WARN_OBJC_ROOT_CLASS = YES_ERROR;
				CLANG_WARN_QUOTED_INCLUDE_IN_FRAMEWORK_HEADER = YES;
				CLANG_WARN_RANGE_LOOP_ANALYSIS = YES;
				CLANG_WARN_STRICT_PROTOTYPES = YES;
				CLANG_WARN_SUSPICIOUS_MOVE = YES;
				CLANG_WARN_UNGUARDED_AVAILABILITY = YES_AGGRESSIVE;
				CLANG_WARN_UNREACHABLE_CODE = YES;
				CLANG_WARN__DUPLICATE_METHOD_MATCH = YES;
				COPY_PHASE_STRIP = NO;
				DEBUG_INFORMATION_FORMAT = "dwarf-with-dsym";
				ENABLE_NS_ASSERTIONS = NO;
				ENABLE_STRICT_OBJC_MSGSEND = YES;
				GCC_C_LANGUAGE_STANDARD = gnu11;
				GCC_NO_COMMON_BLOCKS = YES;
				GCC_WARN_64_TO_32_BIT_CONVERSION = YES;
				GCC_WARN_ABOUT_RETURN_TYPE = YES_ERROR;
				GCC_WARN_UNDECLARED_SELECTOR = YES;
				GCC_WARN_UNINITIALIZED_AUTOS = YES_AGGRESSIVE;
				GCC_WARN_UNUSED_FUNCTION = YES;
				GCC_WARN_UNUSED_VARIABLE = YES;
				MACOSX_DEPLOYMENT_TARGET = 12.0;
				MTL_ENABLE_DEBUG_INFO = NO;
				MTL_FAST_MATH = YES;
				SDKROOT = macosx;
			};
			name = Release;
		};
		8C6A591F276A31AB007DDBFE /* Debug */ = {
			isa = XCBuildConfiguration;
			buildSettings = {
				CODE_SIGN_IDENTITY = "-";
				CODE_SIGN_STYLE = Automatic;
				PRODUCT_NAME = "$(TARGET_NAME)";
			};
			name = Debug;
		};
		8C6A5920276A31AB007DDBFE /* Release */ = {
			isa = XCBuildConfiguration;
			buildSettings = {
				CODE_SIGN_IDENTITY = "-";
				CODE_SIGN_STYLE = Automatic;
				PRODUCT_NAME = "$(TARGET_NAME)";
			};
			name = Release;
		};
		8C91741D2776EEEB005448CA /* Debug */ = {
			isa = XCBuildConfiguration;
			buildSettings = {
				CODE_SIGN_STYLE = Automatic;
				DEVELOPMENT_TEAM = 748W2XNRKG;
				ENABLE_HARDENED_RUNTIME = YES;
				PRODUCT_NAME = "$(TARGET_NAME)";
			};
			name = Debug;
		};
		8C91741E2776EEEB005448CA /* Release */ = {
			isa = XCBuildConfiguration;
			buildSettings = {
				CODE_SIGN_STYLE = Automatic;
				DEVELOPMENT_TEAM = 748W2XNRKG;
				ENABLE_HARDENED_RUNTIME = YES;
				PRODUCT_NAME = "$(TARGET_NAME)";
			};
			name = Release;
		};
		8C9174292776EF04005448CA /* Debug */ = {
			isa = XCBuildConfiguration;
			buildSettings = {
				CODE_SIGN_STYLE = Automatic;
				DEVELOPMENT_TEAM = 748W2XNRKG;
				ENABLE_HARDENED_RUNTIME = YES;
				PRODUCT_NAME = "$(TARGET_NAME)";
			};
			name = Debug;
		};
		8C91742A2776EF04005448CA /* Release */ = {
			isa = XCBuildConfiguration;
			buildSettings = {
				CODE_SIGN_STYLE = Automatic;
				DEVELOPMENT_TEAM = 748W2XNRKG;
				ENABLE_HARDENED_RUNTIME = YES;
				PRODUCT_NAME = "$(TARGET_NAME)";
			};
			name = Release;
		};
		8CB21B42276B5F05008FEFFB /* Debug */ = {
			isa = XCBuildConfiguration;
			buildSettings = {
				CODE_SIGN_IDENTITY = "-";
				CODE_SIGN_STYLE = Automatic;
				DEVELOPMENT_TEAM = 748W2XNRKG;
				ENABLE_HARDENED_RUNTIME = YES;
				PRODUCT_NAME = "$(TARGET_NAME)";
			};
			name = Debug;
		};
		8CB21B43276B5F05008FEFFB /* Release */ = {
			isa = XCBuildConfiguration;
			buildSettings = {
				CODE_SIGN_IDENTITY = "-";
				CODE_SIGN_STYLE = Automatic;
				DEVELOPMENT_TEAM = 748W2XNRKG;
				ENABLE_HARDENED_RUNTIME = YES;
				PRODUCT_NAME = "$(TARGET_NAME)";
			};
			name = Release;
		};
		8CB5A5BF2778FBFD00CD1D90 /* Debug */ = {
			isa = XCBuildConfiguration;
			buildSettings = {
				CODE_SIGN_STYLE = Automatic;
				DEVELOPMENT_TEAM = 748W2XNRKG;
				ENABLE_HARDENED_RUNTIME = YES;
				PRODUCT_NAME = "$(TARGET_NAME)";
			};
			name = Debug;
		};
		8CB5A5C02778FBFD00CD1D90 /* Release */ = {
			isa = XCBuildConfiguration;
			buildSettings = {
				CODE_SIGN_STYLE = Automatic;
				DEVELOPMENT_TEAM = 748W2XNRKG;
				ENABLE_HARDENED_RUNTIME = YES;
				PRODUCT_NAME = "$(TARGET_NAME)";
			};
			name = Release;
		};
/* End XCBuildConfiguration section */

/* Begin XCConfigurationList section */
		8C3ADAF02775AA8700A6C99A /* Build configuration list for PBXNativeTarget "Strings" */ = {
			isa = XCConfigurationList;
			buildConfigurations = (
				8C3ADAF12775AA8700A6C99A /* Debug */,
				8C3ADAF22775AA8700A6C99A /* Release */,
			);
			defaultConfigurationIsVisible = 0;
			defaultConfigurationName = Release;
		};
		8C42E4942770951C00D2D841 /* Build configuration list for PBXNativeTarget "LinkedList" */ = {
			isa = XCConfigurationList;
			buildConfigurations = (
				8C42E4952770951C00D2D841 /* Debug */,
				8C42E4962770951C00D2D841 /* Release */,
			);
			defaultConfigurationIsVisible = 0;
			defaultConfigurationName = Release;
		};
		8C4690AB2770F2AA001B9381 /* Build configuration list for PBXNativeTarget "LearningTheLang" */ = {
			isa = XCConfigurationList;
			buildConfigurations = (
				8C4690A92770F2AA001B9381 /* Debug */,
				8C4690AA2770F2AA001B9381 /* Release */,
			);
			defaultConfigurationIsVisible = 0;
			defaultConfigurationName = Release;
		};
		8C6A5912276A31AB007DDBFE /* Build configuration list for PBXProject "Scaler_DSA" */ = {
			isa = XCConfigurationList;
			buildConfigurations = (
				8C6A591C276A31AB007DDBFE /* Debug */,
				8C6A591D276A31AB007DDBFE /* Release */,
			);
			defaultConfigurationIsVisible = 0;
			defaultConfigurationName = Release;
		};
		8C6A591E276A31AB007DDBFE /* Build configuration list for PBXNativeTarget "Scaler_DSA" */ = {
			isa = XCConfigurationList;
			buildConfigurations = (
				8C6A591F276A31AB007DDBFE /* Debug */,
				8C6A5920276A31AB007DDBFE /* Release */,
			);
			defaultConfigurationIsVisible = 0;
			defaultConfigurationName = Release;
		};
		8C91741F2776EEEB005448CA /* Build configuration list for PBXNativeTarget "greatestElmentsOne" */ = {
			isa = XCConfigurationList;
			buildConfigurations = (
				8C91741D2776EEEB005448CA /* Debug */,
				8C91741E2776EEEB005448CA /* Release */,
			);
			defaultConfigurationIsVisible = 0;
			defaultConfigurationName = Release;
		};
		8C9174282776EF04005448CA /* Build configuration list for PBXNativeTarget "Arrays" */ = {
			isa = XCConfigurationList;
			buildConfigurations = (
				8C9174292776EF04005448CA /* Debug */,
				8C91742A2776EF04005448CA /* Release */,
			);
			defaultConfigurationIsVisible = 0;
			defaultConfigurationName = Release;
		};
		8CB21B41276B5F05008FEFFB /* Build configuration list for PBXNativeTarget "Hashing" */ = {
			isa = XCConfigurationList;
			buildConfigurations = (
				8CB21B42276B5F05008FEFFB /* Debug */,
				8CB21B43276B5F05008FEFFB /* Release */,
			);
			defaultConfigurationIsVisible = 0;
			defaultConfigurationName = Release;
		};
		8CB5A5BE2778FBFD00CD1D90 /* Build configuration list for PBXNativeTarget "Sorting" */ = {
			isa = XCConfigurationList;
			buildConfigurations = (
				8CB5A5BF2778FBFD00CD1D90 /* Debug */,
				8CB5A5C02778FBFD00CD1D90 /* Release */,
			);
			defaultConfigurationIsVisible = 0;
			defaultConfigurationName = Release;
		};
/* End XCConfigurationList section */
	};
	rootObject = 8C6A590F276A31AB007DDBFE /* Project object */;
}
