// !$*UTF8*$!
{
	archiveVersion = 1;
	classes = {
	};
	objectVersion = 55;
	objects = {

/* Begin PBXBuildFile section */
		8C07D2D527A25FE7003F9F28 /* GreatestCommonDiivisor.cpp in Sources */ = {isa = PBXBuildFile; fileRef = 8C07D2D427A25FE7003F9F28 /* GreatestCommonDiivisor.cpp */; };
		8C14E89727A5450600F93D29 /* pairWithGivenXor.cpp in Sources */ = {isa = PBXBuildFile; fileRef = 8C14E89627A5450600F93D29 /* pairWithGivenXor.cpp */; };
		8C14E89D27A671A200F93D29 /* keepMultiplyingFoundValuesbyTwo.cpp in Sources */ = {isa = PBXBuildFile; fileRef = 8C14E89C27A671A200F93D29 /* keepMultiplyingFoundValuesbyTwo.cpp */; };
		8C14E8AA27A6EE0200F93D29 /* singleNumber2.cpp in Sources */ = {isa = PBXBuildFile; fileRef = 8C14E8A927A6EE0200F93D29 /* singleNumber2.cpp */; };
		8C15AAE2278EC9F60037089D /* linked.cpp in Sources */ = {isa = PBXBuildFile; fileRef = 8C15AAE0278EC9F60037089D /* linked.cpp */; };
		8C15AAE3278EDB900037089D /* creatingNode.cpp in Sources */ = {isa = PBXBuildFile; fileRef = 8C42E4972770DC3400D2D841 /* creatingNode.cpp */; };
		8C2EC6772792AB0F0088E804 /* longestCommonPrefix.cpp in Sources */ = {isa = PBXBuildFile; fileRef = 8C2EC6762792AB0F0088E804 /* longestCommonPrefix.cpp */; };
		8C389992278BFF0D00152CA7 /* LargetContinuousSeqZeroSum.cpp in Sources */ = {isa = PBXBuildFile; fileRef = 8C3ADAF527764B1500A6C99A /* LargetContinuousSeqZeroSum.cpp */; };
		8C494E8D27AAE64500C140A1 /* powerExponential.cpp in Sources */ = {isa = PBXBuildFile; fileRef = 8C494E8C27AAE64500C140A1 /* powerExponential.cpp */; };
		8C494E8F27B54EA400C140A1 /* insertionSort.cpp in Sources */ = {isa = PBXBuildFile; fileRef = 8C494E8E27B54EA300C140A1 /* insertionSort.cpp */; };
		8C494E9127B6CD6F00C140A1 /* arrayWIthConsecElems.cpp in Sources */ = {isa = PBXBuildFile; fileRef = 8C494E9027B6CD6F00C140A1 /* arrayWIthConsecElems.cpp */; };
		8C6A591B276A31AB007DDBFE /* main.cpp in Sources */ = {isa = PBXBuildFile; fileRef = 8C6A591A276A31AB007DDBFE /* main.cpp */; };
		8C771F7A279BF88A009FE7CE /* nodeCount.cpp in Sources */ = {isa = PBXBuildFile; fileRef = 8C771F79279BF88A009FE7CE /* nodeCount.cpp */; };
		8C7BE4EA2783CA6A00B5C33C /* minStack.cpp in Sources */ = {isa = PBXBuildFile; fileRef = 8C7BE4E92783CA6A00B5C33C /* minStack.cpp */; };
		8C7BE4F027846BC900B5C33C /* balancedParanthesis.cpp in Sources */ = {isa = PBXBuildFile; fileRef = 8C7BE4EF27846BC900B5C33C /* balancedParanthesis.cpp */; };
		8CBD035227973AEE00BC5760 /* Smallest_Subarray_With_a_Given_Sum.cpp in Sources */ = {isa = PBXBuildFile; fileRef = 8CBD035127973AEE00BC5760 /* Smallest_Subarray_With_a_Given_Sum.cpp */; };
		8CC7BF762797FA08003A3331 /* wayTooLongWords.cpp in Sources */ = {isa = PBXBuildFile; fileRef = 8CC7BF752797FA08003A3331 /* wayTooLongWords.cpp */; };
/* End PBXBuildFile section */

/* Begin PBXCopyFilesBuildPhase section */
		8C14E8A027A6EDE800F93D29 /* CopyFiles */ = {
			isa = PBXCopyFilesBuildPhase;
			buildActionMask = 2147483647;
			dstPath = /usr/share/man/man1/;
			dstSubfolderSpec = 0;
			files = (
			);
			runOnlyForDeploymentPostprocessing = 1;
		};
		8C3ADAEA2775AA8600A6C99A /* CopyFiles */ = {
			isa = PBXCopyFilesBuildPhase;
			buildActionMask = 2147483647;
			dstPath = /usr/share/man/man1/;
			dstSubfolderSpec = 0;
			files = (
			);
			runOnlyForDeploymentPostprocessing = 1;
		};
		8C42E48E2770951C00D2D841 /* CopyFiles */ = {
			isa = PBXCopyFilesBuildPhase;
			buildActionMask = 2147483647;
			dstPath = /usr/share/man/man1/;
			dstSubfolderSpec = 0;
			files = (
			);
			runOnlyForDeploymentPostprocessing = 1;
		};
		8C4690A32770F2AA001B9381 /* CopyFiles */ = {
			isa = PBXCopyFilesBuildPhase;
			buildActionMask = 2147483647;
			dstPath = /usr/share/man/man1/;
			dstSubfolderSpec = 0;
			files = (
			);
			runOnlyForDeploymentPostprocessing = 1;
		};
		8C6A5915276A31AB007DDBFE /* CopyFiles */ = {
			isa = PBXCopyFilesBuildPhase;
			buildActionMask = 2147483647;
			dstPath = /usr/share/man/man1/;
			dstSubfolderSpec = 0;
			files = (
			);
			runOnlyForDeploymentPostprocessing = 1;
		};
		8C7BE4AF27803EC300B5C33C /* CopyFiles */ = {
			isa = PBXCopyFilesBuildPhase;
			buildActionMask = 2147483647;
			dstPath = /usr/share/man/man1/;
			dstSubfolderSpec = 0;
			files = (
			);
			runOnlyForDeploymentPostprocessing = 1;
		};
		8C7BE4C62782169700B5C33C /* CopyFiles */ = {
			isa = PBXCopyFilesBuildPhase;
			buildActionMask = 2147483647;
			dstPath = /usr/share/man/man1/;
			dstSubfolderSpec = 0;
			files = (
			);
			runOnlyForDeploymentPostprocessing = 1;
		};
		8C7BE4D32782FFD600B5C33C /* CopyFiles */ = {
			isa = PBXCopyFilesBuildPhase;
			buildActionMask = 2147483647;
			dstPath = /usr/share/man/man1/;
			dstSubfolderSpec = 0;
			files = (
			);
			runOnlyForDeploymentPostprocessing = 1;
		};
		8C7BE4E02783CA4600B5C33C /* CopyFiles */ = {
			isa = PBXCopyFilesBuildPhase;
			buildActionMask = 2147483647;
			dstPath = /usr/share/man/man1/;
			dstSubfolderSpec = 0;
			files = (
			);
			runOnlyForDeploymentPostprocessing = 1;
		};
		8C9174172776EEEB005448CA /* CopyFiles */ = {
			isa = PBXCopyFilesBuildPhase;
			buildActionMask = 2147483647;
			dstPath = /usr/share/man/man1/;
			dstSubfolderSpec = 0;
			files = (
			);
			runOnlyForDeploymentPostprocessing = 1;
		};
		8C9174222776EF04005448CA /* CopyFiles */ = {
			isa = PBXCopyFilesBuildPhase;
			buildActionMask = 2147483647;
			dstPath = /usr/share/man/man1/;
			dstSubfolderSpec = 0;
			files = (
			);
			runOnlyForDeploymentPostprocessing = 1;
		};
		8C95090F27882C65000EBE2E /* CopyFiles */ = {
			isa = PBXCopyFilesBuildPhase;
			buildActionMask = 2147483647;
			dstPath = /usr/share/man/man1/;
			dstSubfolderSpec = 0;
			files = (
			);
			runOnlyForDeploymentPostprocessing = 1;
		};
		8CB21B3B276B5F05008FEFFB /* CopyFiles */ = {
			isa = PBXCopyFilesBuildPhase;
			buildActionMask = 2147483647;
			dstPath = /usr/share/man/man1/;
			dstSubfolderSpec = 0;
			files = (
			);
			runOnlyForDeploymentPostprocessing = 1;
		};
		8CB5A5B82778FBFD00CD1D90 /* CopyFiles */ = {
			isa = PBXCopyFilesBuildPhase;
			buildActionMask = 2147483647;
			dstPath = /usr/share/man/man1/;
			dstSubfolderSpec = 0;
			files = (
			);
			runOnlyForDeploymentPostprocessing = 1;
		};
		8CC3F67E2794B6330003D18F /* CopyFiles */ = {
			isa = PBXCopyFilesBuildPhase;
			buildActionMask = 2147483647;
			dstPath = /usr/share/man/man1/;
			dstSubfolderSpec = 0;
			files = (
			);
			runOnlyForDeploymentPostprocessing = 1;
		};
		8CC7BF6C2797F9F0003A3331 /* CopyFiles */ = {
			isa = PBXCopyFilesBuildPhase;
			buildActionMask = 2147483647;
			dstPath = /usr/share/man/man1/;
			dstSubfolderSpec = 0;
			files = (
			);
			runOnlyForDeploymentPostprocessing = 1;
		};
		8CFFD3E8279AA56A00E25C2E /* CopyFiles */ = {
			isa = PBXCopyFilesBuildPhase;
			buildActionMask = 2147483647;
			dstPath = /usr/share/man/man1/;
			dstSubfolderSpec = 0;
			files = (
			);
			runOnlyForDeploymentPostprocessing = 1;
		};
/* End PBXCopyFilesBuildPhase section */

/* Begin PBXFileReference section */
		8C07D2D427A25FE7003F9F28 /* GreatestCommonDiivisor.cpp */ = {isa = PBXFileReference; lastKnownFileType = sourcecode.cpp.cpp; path = GreatestCommonDiivisor.cpp; sourceTree = "<group>"; };
		8C07D2D627A266C2003F9F28 /* findGreatestCommonDivisorofArray.cpp */ = {isa = PBXFileReference; lastKnownFileType = sourcecode.cpp.cpp; path = findGreatestCommonDivisorofArray.cpp; sourceTree = "<group>"; };
		8C14E89627A5450600F93D29 /* pairWithGivenXor.cpp */ = {isa = PBXFileReference; lastKnownFileType = sourcecode.cpp.cpp; path = pairWithGivenXor.cpp; sourceTree = "<group>"; };
		8C14E89827A55A2500F93D29 /* RowwithMaxNumberOfOnes.cpp */ = {isa = PBXFileReference; lastKnownFileType = sourcecode.cpp.cpp; path = RowwithMaxNumberOfOnes.cpp; sourceTree = "<group>"; };
		8C14E89A27A5906800F93D29 /* TrappingRainWater.cpp */ = {isa = PBXFileReference; lastKnownFileType = sourcecode.cpp.cpp; path = TrappingRainWater.cpp; sourceTree = "<group>"; };
		8C14E89C27A671A200F93D29 /* keepMultiplyingFoundValuesbyTwo.cpp */ = {isa = PBXFileReference; lastKnownFileType = sourcecode.cpp.cpp; path = keepMultiplyingFoundValuesbyTwo.cpp; sourceTree = "<group>"; };
		8C14E8A227A6EDE800F93D29 /* BitManipulation */ = {isa = PBXFileReference; explicitFileType = "compiled.mach-o.executable"; includeInIndex = 0; path = BitManipulation; sourceTree = BUILT_PRODUCTS_DIR; };
		8C14E8A427A6EDE800F93D29 /* main.cpp */ = {isa = PBXFileReference; lastKnownFileType = sourcecode.cpp.cpp; path = main.cpp; sourceTree = "<group>"; };
		8C14E8A927A6EE0200F93D29 /* singleNumber2.cpp */ = {isa = PBXFileReference; lastKnownFileType = sourcecode.cpp.cpp; path = singleNumber2.cpp; sourceTree = "<group>"; };
		8C15AAE0278EC9F60037089D /* linked.cpp */ = {isa = PBXFileReference; lastKnownFileType = sourcecode.cpp.cpp; path = linked.cpp; sourceTree = "<group>"; };
		8C15AAE1278EC9F60037089D /* linked.hpp */ = {isa = PBXFileReference; lastKnownFileType = sourcecode.cpp.h; path = linked.hpp; sourceTree = "<group>"; };
		8C2EC670279155240088E804 /* equilibriumIndexofArray.cpp */ = {isa = PBXFileReference; lastKnownFileType = sourcecode.cpp.cpp; path = equilibriumIndexofArray.cpp; sourceTree = "<group>"; };
		8C2EC672279161ED0088E804 /* beggarsOutsideTemple.cpp */ = {isa = PBXFileReference; lastKnownFileType = sourcecode.cpp.cpp; path = beggarsOutsideTemple.cpp; sourceTree = "<group>"; };
		8C2EC6742791E8030088E804 /* maxDistance.cpp */ = {isa = PBXFileReference; lastKnownFileType = sourcecode.cpp.cpp; path = maxDistance.cpp; sourceTree = "<group>"; };
		8C2EC6762792AB0F0088E804 /* longestCommonPrefix.cpp */ = {isa = PBXFileReference; lastKnownFileType = sourcecode.cpp.cpp; path = longestCommonPrefix.cpp; sourceTree = "<group>"; };
		8C38998E2789A47900152CA7 /* maxNonNegativeSubArray.cpp */ = {isa = PBXFileReference; lastKnownFileType = sourcecode.cpp.cpp; path = maxNonNegativeSubArray.cpp; sourceTree = "<group>"; };
		8C389990278B2C7C00152CA7 /* pickFromBothSIde.cpp */ = {isa = PBXFileReference; lastKnownFileType = sourcecode.cpp.cpp; path = pickFromBothSIde.cpp; sourceTree = "<group>"; };
		8C3ADAE4277478DB00A6C99A /* checkPalindrome.cpp */ = {isa = PBXFileReference; lastKnownFileType = sourcecode.cpp.cpp; path = checkPalindrome.cpp; sourceTree = "<group>"; };
		8C3ADAE62774D3AD00A6C99A /* colorfulNumbers.cpp */ = {isa = PBXFileReference; lastKnownFileType = sourcecode.cpp.cpp; path = colorfulNumbers.cpp; sourceTree = "<group>"; };
		8C3ADAEC2775AA8600A6C99A /* Strings */ = {isa = PBXFileReference; explicitFileType = "compiled.mach-o.executable"; includeInIndex = 0; path = Strings; sourceTree = BUILT_PRODUCTS_DIR; };
		8C3ADAEE2775AA8700A6C99A /* main.cpp */ = {isa = PBXFileReference; lastKnownFileType = sourcecode.cpp.cpp; path = main.cpp; sourceTree = "<group>"; };
		8C3ADAF32775AE3000A6C99A /* longestPalindromicSubstring.cpp */ = {isa = PBXFileReference; lastKnownFileType = sourcecode.cpp.cpp; path = longestPalindromicSubstring.cpp; sourceTree = "<group>"; };
		8C3ADAF527764B1500A6C99A /* LargetContinuousSeqZeroSum.cpp */ = {isa = PBXFileReference; lastKnownFileType = sourcecode.cpp.cpp; path = LargetContinuousSeqZeroSum.cpp; sourceTree = "<group>"; };
		8C3DB1D827869B0D00370582 /* LargestNumbers.cpp */ = {isa = PBXFileReference; lastKnownFileType = sourcecode.cpp.cpp; path = LargestNumbers.cpp; sourceTree = "<group>"; };
		8C42E4902770951C00D2D841 /* LinkedList */ = {isa = PBXFileReference; explicitFileType = "compiled.mach-o.executable"; includeInIndex = 0; path = LinkedList; sourceTree = BUILT_PRODUCTS_DIR; };
		8C42E4922770951C00D2D841 /* main.cpp */ = {isa = PBXFileReference; lastKnownFileType = sourcecode.cpp.cpp; path = main.cpp; sourceTree = "<group>"; };
		8C42E4972770DC3400D2D841 /* creatingNode.cpp */ = {isa = PBXFileReference; lastKnownFileType = sourcecode.cpp.cpp; path = creatingNode.cpp; sourceTree = "<group>"; };
		8C4690A52770F2AA001B9381 /* LearningTheLang */ = {isa = PBXFileReference; explicitFileType = "compiled.mach-o.executable"; includeInIndex = 0; path = LearningTheLang; sourceTree = BUILT_PRODUCTS_DIR; };
		8C4690A72770F2AA001B9381 /* main.cpp */ = {isa = PBXFileReference; lastKnownFileType = sourcecode.cpp.cpp; path = main.cpp; sourceTree = "<group>"; };
		8C4690AC2770F84C001B9381 /* pointers.cpp */ = {isa = PBXFileReference; lastKnownFileType = sourcecode.cpp.cpp; path = pointers.cpp; sourceTree = "<group>"; };
		8C4690AF2771094C001B9381 /* func.cpp */ = {isa = PBXFileReference; lastKnownFileType = sourcecode.cpp.cpp; path = func.cpp; sourceTree = "<group>"; };
		8C4690B227724A20001B9381 /* conceptUnderstanding.cpp */ = {isa = PBXFileReference; lastKnownFileType = sourcecode.cpp.cpp; path = conceptUnderstanding.cpp; sourceTree = "<group>"; };
		8C494E8C27AAE64500C140A1 /* powerExponential.cpp */ = {isa = PBXFileReference; lastKnownFileType = sourcecode.cpp.cpp; path = powerExponential.cpp; sourceTree = "<group>"; };
		8C494E8E27B54EA300C140A1 /* insertionSort.cpp */ = {isa = PBXFileReference; lastKnownFileType = sourcecode.cpp.cpp; path = insertionSort.cpp; sourceTree = "<group>"; };
		8C494E9027B6CD6F00C140A1 /* arrayWIthConsecElems.cpp */ = {isa = PBXFileReference; lastKnownFileType = sourcecode.cpp.cpp; path = arrayWIthConsecElems.cpp; sourceTree = "<group>"; };
		8C6A5917276A31AB007DDBFE /* Scaler_DSA */ = {isa = PBXFileReference; explicitFileType = "compiled.mach-o.executable"; includeInIndex = 0; path = Scaler_DSA; sourceTree = BUILT_PRODUCTS_DIR; };
		8C6A591A276A31AB007DDBFE /* main.cpp */ = {isa = PBXFileReference; lastKnownFileType = sourcecode.cpp.cpp; path = main.cpp; sourceTree = "<group>"; };
		8C73C99B276E5C6400C3A4DC /* SumOfPairK.cpp */ = {isa = PBXFileReference; lastKnownFileType = sourcecode.cpp.cpp; path = SumOfPairK.cpp; sourceTree = "<group>"; };
		8C771F79279BF88A009FE7CE /* nodeCount.cpp */ = {isa = PBXFileReference; lastKnownFileType = sourcecode.cpp.cpp; path = nodeCount.cpp; sourceTree = "<group>"; };
		8C771F7B279D4F90009FE7CE /* inverseModulo.cpp */ = {isa = PBXFileReference; lastKnownFileType = sourcecode.cpp.cpp; path = inverseModulo.cpp; sourceTree = "<group>"; };
		8C771F7D279DB279009FE7CE /* isDictionary.cpp */ = {isa = PBXFileReference; lastKnownFileType = sourcecode.cpp.cpp; path = isDictionary.cpp; sourceTree = "<group>"; };
		8C771F7F279FDCEE009FE7CE /* checkPalindrom.cpp */ = {isa = PBXFileReference; lastKnownFileType = sourcecode.cpp.cpp; path = checkPalindrom.cpp; sourceTree = "<group>"; };
		8C7BE4B127803EC300B5C33C /* LeetCode */ = {isa = PBXFileReference; explicitFileType = "compiled.mach-o.executable"; includeInIndex = 0; path = LeetCode; sourceTree = BUILT_PRODUCTS_DIR; };
		8C7BE4B327803EC300B5C33C /* main.cpp */ = {isa = PBXFileReference; lastKnownFileType = sourcecode.cpp.cpp; path = main.cpp; sourceTree = "<group>"; };
		8C7BE4B827803EE100B5C33C /* ContainsDuplicate1.cpp */ = {isa = PBXFileReference; lastKnownFileType = sourcecode.cpp.cpp; path = ContainsDuplicate1.cpp; sourceTree = "<group>"; };
		8C7BE4BD2780411900B5C33C /* containDuplicate2.cpp */ = {isa = PBXFileReference; lastKnownFileType = sourcecode.cpp.cpp; path = containDuplicate2.cpp; sourceTree = "<group>"; };
		8C7BE4BF2780B9AE00B5C33C /* antiDiagonal.cpp */ = {isa = PBXFileReference; lastKnownFileType = sourcecode.cpp.cpp; path = antiDiagonal.cpp; sourceTree = "<group>"; };
		8C7BE4C2278183EA00B5C33C /* overLappingRectangle.cpp */ = {isa = PBXFileReference; lastKnownFileType = sourcecode.cpp.cpp; path = overLappingRectangle.cpp; sourceTree = "<group>"; };
		8C7BE4C82782169700B5C33C /* Trees */ = {isa = PBXFileReference; explicitFileType = "compiled.mach-o.executable"; includeInIndex = 0; path = Trees; sourceTree = BUILT_PRODUCTS_DIR; };
		8C7BE4CA2782169800B5C33C /* main.cpp */ = {isa = PBXFileReference; lastKnownFileType = sourcecode.cpp.cpp; path = main.cpp; sourceTree = "<group>"; };
		8C7BE4CF2782CDA400B5C33C /* timeBuySellStock.cpp */ = {isa = PBXFileReference; lastKnownFileType = sourcecode.cpp.cpp; path = timeBuySellStock.cpp; sourceTree = "<group>"; };
		8C7BE4D52782FFD600B5C33C /* Recursion */ = {isa = PBXFileReference; explicitFileType = "compiled.mach-o.executable"; includeInIndex = 0; path = Recursion; sourceTree = BUILT_PRODUCTS_DIR; };
		8C7BE4D72782FFD600B5C33C /* main.cpp */ = {isa = PBXFileReference; lastKnownFileType = sourcecode.cpp.cpp; path = main.cpp; sourceTree = "<group>"; };
		8C7BE4DC2783053800B5C33C /* powerFunction.cpp */ = {isa = PBXFileReference; lastKnownFileType = sourcecode.cpp.cpp; path = powerFunction.cpp; sourceTree = "<group>"; };
		8C7BE4E22783CA4600B5C33C /* Stack */ = {isa = PBXFileReference; explicitFileType = "compiled.mach-o.executable"; includeInIndex = 0; path = Stack; sourceTree = BUILT_PRODUCTS_DIR; };
		8C7BE4E42783CA4600B5C33C /* main.cpp */ = {isa = PBXFileReference; lastKnownFileType = sourcecode.cpp.cpp; path = main.cpp; sourceTree = "<group>"; };
		8C7BE4E92783CA6A00B5C33C /* minStack.cpp */ = {isa = PBXFileReference; lastKnownFileType = sourcecode.cpp.cpp; path = minStack.cpp; sourceTree = "<group>"; };
		8C7BE4EB2783CB2A00B5C33C /* stack.cpp */ = {isa = PBXFileReference; lastKnownFileType = sourcecode.cpp.cpp; path = stack.cpp; sourceTree = "<group>"; };
		8C7BE4ED2784118800B5C33C /* rowColumnZero.cpp */ = {isa = PBXFileReference; lastKnownFileType = sourcecode.cpp.cpp; path = rowColumnZero.cpp; sourceTree = "<group>"; };
		8C7BE4EF27846BC900B5C33C /* balancedParanthesis.cpp */ = {isa = PBXFileReference; lastKnownFileType = sourcecode.cpp.cpp; path = balancedParanthesis.cpp; sourceTree = "<group>"; };
		8C9174192776EEEB005448CA /* greatestElmentsOne */ = {isa = PBXFileReference; explicitFileType = "compiled.mach-o.executable"; includeInIndex = 0; path = greatestElmentsOne; sourceTree = BUILT_PRODUCTS_DIR; };
		8C9174242776EF04005448CA /* Arrays */ = {isa = PBXFileReference; explicitFileType = "compiled.mach-o.executable"; includeInIndex = 0; path = Arrays; sourceTree = BUILT_PRODUCTS_DIR; };
		8C9174262776EF04005448CA /* main.cpp */ = {isa = PBXFileReference; lastKnownFileType = sourcecode.cpp.cpp; path = main.cpp; sourceTree = "<group>"; };
		8C91742B2776EF14005448CA /* greatestElementOne.cpp */ = {isa = PBXFileReference; lastKnownFileType = sourcecode.cpp.cpp; path = greatestElementOne.cpp; sourceTree = "<group>"; };
		8C91742D27777931005448CA /* subArrLeastAvrg.cpp */ = {isa = PBXFileReference; lastKnownFileType = sourcecode.cpp.cpp; path = subArrLeastAvrg.cpp; sourceTree = "<group>"; };
		8C91742F277789B6005448CA /* closestMinMax.cpp */ = {isa = PBXFileReference; lastKnownFileType = sourcecode.cpp.cpp; path = closestMinMax.cpp; sourceTree = "<group>"; };
		8C9174312777BAA9005448CA /* search_in_a row_wise_and_column_wise_sorted_maatrix.cpp */ = {isa = PBXFileReference; lastKnownFileType = sourcecode.cpp.cpp; path = "search_in_a row_wise_and_column_wise_sorted_maatrix.cpp"; sourceTree = "<group>"; };
		8C95091127882C65000EBE2E /* AdvancedArray */ = {isa = PBXFileReference; explicitFileType = "compiled.mach-o.executable"; includeInIndex = 0; path = AdvancedArray; sourceTree = BUILT_PRODUCTS_DIR; };
		8C95091327882C65000EBE2E /* main.cpp */ = {isa = PBXFileReference; lastKnownFileType = sourcecode.cpp.cpp; path = main.cpp; sourceTree = "<group>"; };
		8C95091827882C9E000EBE2E /* firstMisisngInteger.cpp */ = {isa = PBXFileReference; lastKnownFileType = sourcecode.cpp.cpp; path = firstMisisngInteger.cpp; sourceTree = "<group>"; };
		8CA9294B277CBA320014D599 /* longestConsecutiveSequence.cpp */ = {isa = PBXFileReference; lastKnownFileType = sourcecode.cpp.cpp; path = longestConsecutiveSequence.cpp; sourceTree = "<group>"; };
		8CA9294D277D98990014D599 /* largestContinuousSeqSum.cpp */ = {isa = PBXFileReference; lastKnownFileType = sourcecode.cpp.cpp; path = largestContinuousSeqSum.cpp; sourceTree = "<group>"; };
		8CA9294F277DD11E0014D599 /* shaggyAndDistance.cpp */ = {isa = PBXFileReference; lastKnownFileType = sourcecode.cpp.cpp; path = shaggyAndDistance.cpp; sourceTree = "<group>"; };
		8CA92951277DFC000014D599 /* kOccurence.cpp */ = {isa = PBXFileReference; lastKnownFileType = sourcecode.cpp.cpp; path = kOccurence.cpp; sourceTree = "<group>"; };
		8CB21B3D276B5F05008FEFFB /* Hashing */ = {isa = PBXFileReference; explicitFileType = "compiled.mach-o.executable"; includeInIndex = 0; path = Hashing; sourceTree = BUILT_PRODUCTS_DIR; };
		8CB21B3F276B5F05008FEFFB /* main.cpp */ = {isa = PBXFileReference; lastKnownFileType = sourcecode.cpp.cpp; path = main.cpp; sourceTree = "<group>"; };
		8CB21B46276B602B008FEFFB /* firstRepeatinElement.cpp */ = {isa = PBXFileReference; lastKnownFileType = sourcecode.cpp.cpp; path = firstRepeatinElement.cpp; sourceTree = "<group>"; };
		8CB21B49276C9ECF008FEFFB /* subarray_Given_Sum.cpp */ = {isa = PBXFileReference; lastKnownFileType = sourcecode.cpp.cpp; path = subarray_Given_Sum.cpp; sourceTree = "<group>"; };
		8CB5A5B02778717200CD1D90 /* lowerMatrixMatrix.cpp */ = {isa = PBXFileReference; lastKnownFileType = sourcecode.cpp.cpp; path = lowerMatrixMatrix.cpp; sourceTree = "<group>"; };
		8CB5A5B2277884B000CD1D90 /* specialSubSequenceAG.cpp */ = {isa = PBXFileReference; lastKnownFileType = sourcecode.cpp.cpp; path = specialSubSequenceAG.cpp; sourceTree = "<group>"; };
		8CB5A5B42778D94300CD1D90 /* minimumAbsDifference.cpp */ = {isa = PBXFileReference; lastKnownFileType = sourcecode.cpp.cpp; path = minimumAbsDifference.cpp; sourceTree = "<group>"; };
		8CB5A5BA2778FBFD00CD1D90 /* Sorting */ = {isa = PBXFileReference; explicitFileType = "compiled.mach-o.executable"; includeInIndex = 0; path = Sorting; sourceTree = BUILT_PRODUCTS_DIR; };
		8CB5A5BC2778FBFD00CD1D90 /* main.cpp */ = {isa = PBXFileReference; lastKnownFileType = sourcecode.cpp.cpp; path = main.cpp; sourceTree = "<group>"; };
		8CB5A5C12778FC1400CD1D90 /* largestNumnber.cpp */ = {isa = PBXFileReference; lastKnownFileType = sourcecode.cpp.cpp; path = largestNumnber.cpp; sourceTree = "<group>"; };
		8CB5A5C32779025700CD1D90 /* patternPriinting2.cpp */ = {isa = PBXFileReference; lastKnownFileType = sourcecode.cpp.cpp; path = patternPriinting2.cpp; sourceTree = "<group>"; };
		8CB5A5C82779961200CD1D90 /* xorQueries.cpp */ = {isa = PBXFileReference; lastKnownFileType = sourcecode.cpp.cpp; path = xorQueries.cpp; sourceTree = "<group>"; };
		8CB5A5CA2779B95000CD1D90 /* distinctNumbersWindow.cpp */ = {isa = PBXFileReference; lastKnownFileType = sourcecode.cpp.cpp; path = distinctNumbersWindow.cpp; sourceTree = "<group>"; };
		8CB5A5CC2779DCBE00CD1D90 /* searchSortedMatrix.cpp */ = {isa = PBXFileReference; lastKnownFileType = sourcecode.cpp.cpp; path = searchSortedMatrix.cpp; sourceTree = "<group>"; };
		8CB5A5CE277A063A00CD1D90 /* RowWithMaxNumberOnes.cpp */ = {isa = PBXFileReference; lastKnownFileType = sourcecode.cpp.cpp; path = RowWithMaxNumberOnes.cpp; sourceTree = "<group>"; };
		8CB5A5D0277A158E00CD1D90 /* lengthLonogestConsecutiveOnes.cpp */ = {isa = PBXFileReference; lastKnownFileType = sourcecode.cpp.cpp; path = lengthLonogestConsecutiveOnes.cpp; sourceTree = "<group>"; };
		8CB5A5D2277A35E500CD1D90 /* rotateMatrix.cpp */ = {isa = PBXFileReference; lastKnownFileType = sourcecode.cpp.cpp; path = rotateMatrix.cpp; sourceTree = "<group>"; };
		8CB5A5D4277A449F00CD1D90 /* PatternPrinting2.cpp */ = {isa = PBXFileReference; lastKnownFileType = sourcecode.cpp.cpp; path = PatternPrinting2.cpp; sourceTree = "<group>"; };
		8CBD035127973AEE00BC5760 /* Smallest_Subarray_With_a_Given_Sum.cpp */ = {isa = PBXFileReference; lastKnownFileType = sourcecode.cpp.cpp; path = Smallest_Subarray_With_a_Given_Sum.cpp; sourceTree = "<group>"; };
		8CC3F66D2793FEFF0003D18F /* createTree.cpp */ = {isa = PBXFileReference; lastKnownFileType = sourcecode.cpp.cpp; path = createTree.cpp; sourceTree = "<group>"; };
		8CC3F66F279463730003D18F /* twoSum2.cpp */ = {isa = PBXFileReference; lastKnownFileType = sourcecode.cpp.cpp; path = twoSum2.cpp; sourceTree = "<group>"; };
		8CC3F6802794B6330003D18F /* TwoPointers */ = {isa = PBXFileReference; explicitFileType = "compiled.mach-o.executable"; includeInIndex = 0; path = TwoPointers; sourceTree = BUILT_PRODUCTS_DIR; };
		8CC3F6822794B6330003D18F /* main.cpp */ = {isa = PBXFileReference; lastKnownFileType = sourcecode.cpp.cpp; path = main.cpp; sourceTree = "<group>"; };
		8CC3F6872794B7470003D18F /* TwoSum2.cpp */ = {isa = PBXFileReference; lastKnownFileType = sourcecode.cpp.cpp; path = TwoSum2.cpp; sourceTree = "<group>"; };
		8CC7BF6E2797F9F0003A3331 /* CodeForces */ = {isa = PBXFileReference; explicitFileType = "compiled.mach-o.executable"; includeInIndex = 0; path = CodeForces; sourceTree = BUILT_PRODUCTS_DIR; };
		8CC7BF702797F9F0003A3331 /* main.cpp */ = {isa = PBXFileReference; lastKnownFileType = sourcecode.cpp.cpp; path = main.cpp; sourceTree = "<group>"; };
		8CC7BF752797FA08003A3331 /* wayTooLongWords.cpp */ = {isa = PBXFileReference; lastKnownFileType = sourcecode.cpp.cpp; path = wayTooLongWords.cpp; sourceTree = "<group>"; };
		8CC7BF772798160D003A3331 /* identicaBinaryTrees.cpp */ = {isa = PBXFileReference; lastKnownFileType = sourcecode.cpp.cpp; path = identicaBinaryTrees.cpp; sourceTree = "<group>"; };
		8CFFD3EA279AA56A00E25C2E /* Maths */ = {isa = PBXFileReference; explicitFileType = "compiled.mach-o.executable"; includeInIndex = 0; path = Maths; sourceTree = BUILT_PRODUCTS_DIR; };
		8CFFD3EC279AA56A00E25C2E /* main.cpp */ = {isa = PBXFileReference; lastKnownFileType = sourcecode.cpp.cpp; path = main.cpp; sourceTree = "<group>"; };
		8CFFD3F1279AA58400E25C2E /* AmoduloB.cpp */ = {isa = PBXFileReference; lastKnownFileType = sourcecode.cpp.cpp; path = AmoduloB.cpp; sourceTree = "<group>"; };
		8CFFD3F3279AC1E500E25C2E /* SymmetricalTree.cpp */ = {isa = PBXFileReference; lastKnownFileType = sourcecode.cpp.cpp; path = SymmetricalTree.cpp; sourceTree = "<group>"; };
		8CFFD3F5279B1E2500E25C2E /* pairSumDivisibleBYM.cpp */ = {isa = PBXFileReference; lastKnownFileType = sourcecode.cpp.cpp; path = pairSumDivisibleBYM.cpp; sourceTree = "<group>"; };
/* End PBXFileReference section */

/* Begin PBXFrameworksBuildPhase section */
		8C14E89F27A6EDE800F93D29 /* Frameworks */ = {
			isa = PBXFrameworksBuildPhase;
			buildActionMask = 2147483647;
			files = (
			);
			runOnlyForDeploymentPostprocessing = 0;
		};
		8C3ADAE92775AA8600A6C99A /* Frameworks */ = {
			isa = PBXFrameworksBuildPhase;
			buildActionMask = 2147483647;
			files = (
			);
			runOnlyForDeploymentPostprocessing = 0;
		};
		8C42E48D2770951C00D2D841 /* Frameworks */ = {
			isa = PBXFrameworksBuildPhase;
			buildActionMask = 2147483647;
			files = (
			);
			runOnlyForDeploymentPostprocessing = 0;
		};
		8C4690A22770F2AA001B9381 /* Frameworks */ = {
			isa = PBXFrameworksBuildPhase;
			buildActionMask = 2147483647;
			files = (
			);
			runOnlyForDeploymentPostprocessing = 0;
		};
		8C6A5914276A31AB007DDBFE /* Frameworks */ = {
			isa = PBXFrameworksBuildPhase;
			buildActionMask = 2147483647;
			files = (
			);
			runOnlyForDeploymentPostprocessing = 0;
		};
		8C7BE4AE27803EC300B5C33C /* Frameworks */ = {
			isa = PBXFrameworksBuildPhase;
			buildActionMask = 2147483647;
			files = (
			);
			runOnlyForDeploymentPostprocessing = 0;
		};
		8C7BE4C52782169700B5C33C /* Frameworks */ = {
			isa = PBXFrameworksBuildPhase;
			buildActionMask = 2147483647;
			files = (
			);
			runOnlyForDeploymentPostprocessing = 0;
		};
		8C7BE4D22782FFD600B5C33C /* Frameworks */ = {
			isa = PBXFrameworksBuildPhase;
			buildActionMask = 2147483647;
			files = (
			);
			runOnlyForDeploymentPostprocessing = 0;
		};
		8C7BE4DF2783CA4600B5C33C /* Frameworks */ = {
			isa = PBXFrameworksBuildPhase;
			buildActionMask = 2147483647;
			files = (
			);
			runOnlyForDeploymentPostprocessing = 0;
		};
		8C9174162776EEEB005448CA /* Frameworks */ = {
			isa = PBXFrameworksBuildPhase;
			buildActionMask = 2147483647;
			files = (
			);
			runOnlyForDeploymentPostprocessing = 0;
		};
		8C9174212776EF04005448CA /* Frameworks */ = {
			isa = PBXFrameworksBuildPhase;
			buildActionMask = 2147483647;
			files = (
			);
			runOnlyForDeploymentPostprocessing = 0;
		};
		8C95090E27882C65000EBE2E /* Frameworks */ = {
			isa = PBXFrameworksBuildPhase;
			buildActionMask = 2147483647;
			files = (
			);
			runOnlyForDeploymentPostprocessing = 0;
		};
		8CB21B3A276B5F05008FEFFB /* Frameworks */ = {
			isa = PBXFrameworksBuildPhase;
			buildActionMask = 2147483647;
			files = (
			);
			runOnlyForDeploymentPostprocessing = 0;
		};
		8CB5A5B72778FBFD00CD1D90 /* Frameworks */ = {
			isa = PBXFrameworksBuildPhase;
			buildActionMask = 2147483647;
			files = (
			);
			runOnlyForDeploymentPostprocessing = 0;
		};
		8CC3F67D2794B6330003D18F /* Frameworks */ = {
			isa = PBXFrameworksBuildPhase;
			buildActionMask = 2147483647;
			files = (
			);
			runOnlyForDeploymentPostprocessing = 0;
		};
		8CC7BF6B2797F9F0003A3331 /* Frameworks */ = {
			isa = PBXFrameworksBuildPhase;
			buildActionMask = 2147483647;
			files = (
			);
			runOnlyForDeploymentPostprocessing = 0;
		};
		8CFFD3E7279AA56A00E25C2E /* Frameworks */ = {
			isa = PBXFrameworksBuildPhase;
			buildActionMask = 2147483647;
			files = (
			);
			runOnlyForDeploymentPostprocessing = 0;
		};
/* End PBXFrameworksBuildPhase section */

/* Begin PBXGroup section */
		8C14E8A327A6EDE800F93D29 /* BitManipulation */ = {
			isa = PBXGroup;
			children = (
				8C14E8A427A6EDE800F93D29 /* main.cpp */,
				8C14E8A927A6EE0200F93D29 /* singleNumber2.cpp */,
			);
			path = BitManipulation;
			sourceTree = "<group>";
		};
		8C3ADAED2775AA8700A6C99A /* Strings */ = {
			isa = PBXGroup;
			children = (
				8C3ADAEE2775AA8700A6C99A /* main.cpp */,
				8C3ADAF32775AE3000A6C99A /* longestPalindromicSubstring.cpp */,
				8C2EC6762792AB0F0088E804 /* longestCommonPrefix.cpp */,
			);
			path = Strings;
			sourceTree = "<group>";
		};
		8C42E4912770951C00D2D841 /* LinkedList */ = {
			isa = PBXGroup;
			children = (
				8C42E4922770951C00D2D841 /* main.cpp */,
				8C42E4972770DC3400D2D841 /* creatingNode.cpp */,
				8C4690B227724A20001B9381 /* conceptUnderstanding.cpp */,
			);
			path = LinkedList;
			sourceTree = "<group>";
		};
		8C4690A62770F2AA001B9381 /* LearningTheLang */ = {
			isa = PBXGroup;
			children = (
				8C4690A72770F2AA001B9381 /* main.cpp */,
				8C4690AC2770F84C001B9381 /* pointers.cpp */,
				8C4690AF2771094C001B9381 /* func.cpp */,
				8C7BE4EB2783CB2A00B5C33C /* stack.cpp */,
				8C15AAE0278EC9F60037089D /* linked.cpp */,
				8C15AAE1278EC9F60037089D /* linked.hpp */,
			);
			path = LearningTheLang;
			sourceTree = "<group>";
		};
		8C6A590E276A31AB007DDBFE = {
			isa = PBXGroup;
			children = (
				8C6A5919276A31AB007DDBFE /* Scaler_DSA */,
				8CB21B3E276B5F05008FEFFB /* Hashing */,
				8C42E4912770951C00D2D841 /* LinkedList */,
				8C4690A62770F2AA001B9381 /* LearningTheLang */,
				8C3ADAED2775AA8700A6C99A /* Strings */,
				8C9174252776EF04005448CA /* Arrays */,
				8CB5A5BB2778FBFD00CD1D90 /* Sorting */,
				8C7BE4B227803EC300B5C33C /* LeetCode */,
				8C7BE4C92782169800B5C33C /* Trees */,
				8C7BE4D62782FFD600B5C33C /* Recursion */,
				8C7BE4E32783CA4600B5C33C /* Stack */,
				8C95091227882C65000EBE2E /* AdvancedArray */,
				8CC3F6812794B6330003D18F /* TwoPointers */,
				8CC7BF6F2797F9F0003A3331 /* CodeForces */,
				8CFFD3EB279AA56A00E25C2E /* Maths */,
				8C14E8A327A6EDE800F93D29 /* BitManipulation */,
				8C6A5918276A31AB007DDBFE /* Products */,
			);
			sourceTree = "<group>";
		};
		8C6A5918276A31AB007DDBFE /* Products */ = {
			isa = PBXGroup;
			children = (
				8C6A5917276A31AB007DDBFE /* Scaler_DSA */,
				8CB21B3D276B5F05008FEFFB /* Hashing */,
				8C42E4902770951C00D2D841 /* LinkedList */,
				8C4690A52770F2AA001B9381 /* LearningTheLang */,
				8C3ADAEC2775AA8600A6C99A /* Strings */,
				8C9174192776EEEB005448CA /* greatestElmentsOne */,
				8C9174242776EF04005448CA /* Arrays */,
				8CB5A5BA2778FBFD00CD1D90 /* Sorting */,
				8C7BE4B127803EC300B5C33C /* LeetCode */,
				8C7BE4C82782169700B5C33C /* Trees */,
				8C7BE4D52782FFD600B5C33C /* Recursion */,
				8C7BE4E22783CA4600B5C33C /* Stack */,
				8C95091127882C65000EBE2E /* AdvancedArray */,
				8CC3F6802794B6330003D18F /* TwoPointers */,
				8CC7BF6E2797F9F0003A3331 /* CodeForces */,
				8CFFD3EA279AA56A00E25C2E /* Maths */,
				8C14E8A227A6EDE800F93D29 /* BitManipulation */,
			);
			name = Products;
			sourceTree = "<group>";
		};
		8C6A5919276A31AB007DDBFE /* Scaler_DSA */ = {
			isa = PBXGroup;
			children = (
				8C6A591A276A31AB007DDBFE /* main.cpp */,
			);
			path = Scaler_DSA;
			sourceTree = "<group>";
		};
		8C7BE4B227803EC300B5C33C /* LeetCode */ = {
			isa = PBXGroup;
			children = (
				8C7BE4B327803EC300B5C33C /* main.cpp */,
				8C7BE4B827803EE100B5C33C /* ContainsDuplicate1.cpp */,
				8C7BE4BD2780411900B5C33C /* containDuplicate2.cpp */,
				8C7BE4CF2782CDA400B5C33C /* timeBuySellStock.cpp */,
				8CC3F66F279463730003D18F /* twoSum2.cpp */,
				8C07D2D627A266C2003F9F28 /* findGreatestCommonDivisorofArray.cpp */,
				8C14E89C27A671A200F93D29 /* keepMultiplyingFoundValuesbyTwo.cpp */,
			);
			path = LeetCode;
			sourceTree = "<group>";
		};
		8C7BE4C92782169800B5C33C /* Trees */ = {
			isa = PBXGroup;
			children = (
				8C7BE4CA2782169800B5C33C /* main.cpp */,
				8CC3F66D2793FEFF0003D18F /* createTree.cpp */,
				8CC7BF772798160D003A3331 /* identicaBinaryTrees.cpp */,
				8CFFD3F3279AC1E500E25C2E /* SymmetricalTree.cpp */,
				8C771F79279BF88A009FE7CE /* nodeCount.cpp */,
			);
			path = Trees;
			sourceTree = "<group>";
		};
		8C7BE4D62782FFD600B5C33C /* Recursion */ = {
			isa = PBXGroup;
			children = (
				8C7BE4D72782FFD600B5C33C /* main.cpp */,
				8C7BE4DC2783053800B5C33C /* powerFunction.cpp */,
				8C771F7F279FDCEE009FE7CE /* checkPalindrom.cpp */,
				8C494E8C27AAE64500C140A1 /* powerExponential.cpp */,
			);
			path = Recursion;
			sourceTree = "<group>";
		};
		8C7BE4E32783CA4600B5C33C /* Stack */ = {
			isa = PBXGroup;
			children = (
				8C7BE4E42783CA4600B5C33C /* main.cpp */,
				8C7BE4E92783CA6A00B5C33C /* minStack.cpp */,
				8C7BE4EF27846BC900B5C33C /* balancedParanthesis.cpp */,
			);
			path = Stack;
			sourceTree = "<group>";
		};
		8C9174252776EF04005448CA /* Arrays */ = {
			isa = PBXGroup;
			children = (
				8C9174262776EF04005448CA /* main.cpp */,
				8C91742B2776EF14005448CA /* greatestElementOne.cpp */,
				8C91742D27777931005448CA /* subArrLeastAvrg.cpp */,
				8C91742F277789B6005448CA /* closestMinMax.cpp */,
				8C9174312777BAA9005448CA /* search_in_a row_wise_and_column_wise_sorted_maatrix.cpp */,
				8CB5A5B02778717200CD1D90 /* lowerMatrixMatrix.cpp */,
				8CB5A5B2277884B000CD1D90 /* specialSubSequenceAG.cpp */,
				8CB5A5B42778D94300CD1D90 /* minimumAbsDifference.cpp */,
				8CB5A5C32779025700CD1D90 /* patternPriinting2.cpp */,
				8CB5A5C82779961200CD1D90 /* xorQueries.cpp */,
				8CB5A5CC2779DCBE00CD1D90 /* searchSortedMatrix.cpp */,
				8CB5A5CE277A063A00CD1D90 /* RowWithMaxNumberOnes.cpp */,
				8CB5A5D0277A158E00CD1D90 /* lengthLonogestConsecutiveOnes.cpp */,
				8CB5A5D2277A35E500CD1D90 /* rotateMatrix.cpp */,
				8CB5A5D4277A449F00CD1D90 /* PatternPrinting2.cpp */,
				8CA9294B277CBA320014D599 /* longestConsecutiveSequence.cpp */,
				8CA9294D277D98990014D599 /* largestContinuousSeqSum.cpp */,
				8CA9294F277DD11E0014D599 /* shaggyAndDistance.cpp */,
				8CA92951277DFC000014D599 /* kOccurence.cpp */,
				8C7BE4BF2780B9AE00B5C33C /* antiDiagonal.cpp */,
				8C7BE4C2278183EA00B5C33C /* overLappingRectangle.cpp */,
				8C3DB1D827869B0D00370582 /* LargestNumbers.cpp */,
			);
			path = Arrays;
			sourceTree = "<group>";
		};
		8C95091227882C65000EBE2E /* AdvancedArray */ = {
			isa = PBXGroup;
			children = (
				8C95091327882C65000EBE2E /* main.cpp */,
				8C95091827882C9E000EBE2E /* firstMisisngInteger.cpp */,
				8C38998E2789A47900152CA7 /* maxNonNegativeSubArray.cpp */,
				8C389990278B2C7C00152CA7 /* pickFromBothSIde.cpp */,
				8C2EC670279155240088E804 /* equilibriumIndexofArray.cpp */,
				8C2EC672279161ED0088E804 /* beggarsOutsideTemple.cpp */,
				8C2EC6742791E8030088E804 /* maxDistance.cpp */,
				8C14E89827A55A2500F93D29 /* RowwithMaxNumberOfOnes.cpp */,
				8C14E89A27A5906800F93D29 /* TrappingRainWater.cpp */,
				8C494E9027B6CD6F00C140A1 /* arrayWIthConsecElems.cpp */,
			);
			path = AdvancedArray;
			sourceTree = "<group>";
		};
		8CB21B3E276B5F05008FEFFB /* Hashing */ = {
			isa = PBXGroup;
			children = (
				8CB21B3F276B5F05008FEFFB /* main.cpp */,
				8CB21B46276B602B008FEFFB /* firstRepeatinElement.cpp */,
				8CB21B49276C9ECF008FEFFB /* subarray_Given_Sum.cpp */,
				8C73C99B276E5C6400C3A4DC /* SumOfPairK.cpp */,
				8C3ADAE4277478DB00A6C99A /* checkPalindrome.cpp */,
				8C3ADAE62774D3AD00A6C99A /* colorfulNumbers.cpp */,
				8C3ADAF527764B1500A6C99A /* LargetContinuousSeqZeroSum.cpp */,
				8CB5A5CA2779B95000CD1D90 /* distinctNumbersWindow.cpp */,
				8C7BE4ED2784118800B5C33C /* rowColumnZero.cpp */,
				8C771F7D279DB279009FE7CE /* isDictionary.cpp */,
				8C14E89627A5450600F93D29 /* pairWithGivenXor.cpp */,
			);
			path = Hashing;
			sourceTree = "<group>";
		};
		8CB5A5BB2778FBFD00CD1D90 /* Sorting */ = {
			isa = PBXGroup;
			children = (
				8CB5A5BC2778FBFD00CD1D90 /* main.cpp */,
				8CB5A5C12778FC1400CD1D90 /* largestNumnber.cpp */,
				8C494E8E27B54EA300C140A1 /* insertionSort.cpp */,
			);
			path = Sorting;
			sourceTree = "<group>";
		};
		8CC3F6812794B6330003D18F /* TwoPointers */ = {
			isa = PBXGroup;
			children = (
				8CC3F6822794B6330003D18F /* main.cpp */,
				8CC3F6872794B7470003D18F /* TwoSum2.cpp */,
				8CBD035127973AEE00BC5760 /* Smallest_Subarray_With_a_Given_Sum.cpp */,
			);
			path = TwoPointers;
			sourceTree = "<group>";
		};
		8CC7BF6F2797F9F0003A3331 /* CodeForces */ = {
			isa = PBXGroup;
			children = (
				8CC7BF702797F9F0003A3331 /* main.cpp */,
				8CC7BF752797FA08003A3331 /* wayTooLongWords.cpp */,
			);
			path = CodeForces;
			sourceTree = "<group>";
		};
		8CFFD3EB279AA56A00E25C2E /* Maths */ = {
			isa = PBXGroup;
			children = (
				8CFFD3EC279AA56A00E25C2E /* main.cpp */,
				8CFFD3F1279AA58400E25C2E /* AmoduloB.cpp */,
				8CFFD3F5279B1E2500E25C2E /* pairSumDivisibleBYM.cpp */,
				8C771F7B279D4F90009FE7CE /* inverseModulo.cpp */,
				8C07D2D427A25FE7003F9F28 /* GreatestCommonDiivisor.cpp */,
			);
			path = Maths;
			sourceTree = "<group>";
		};
/* End PBXGroup section */

/* Begin PBXNativeTarget section */
		8C14E8A127A6EDE800F93D29 /* BitManipulation */ = {
			isa = PBXNativeTarget;
			buildConfigurationList = 8C14E8A627A6EDE800F93D29 /* Build configuration list for PBXNativeTarget "BitManipulation" */;
			buildPhases = (
				8C14E89E27A6EDE800F93D29 /* Sources */,
				8C14E89F27A6EDE800F93D29 /* Frameworks */,
				8C14E8A027A6EDE800F93D29 /* CopyFiles */,
			);
			buildRules = (
			);
			dependencies = (
			);
			name = BitManipulation;
			productName = BitManipulation;
			productReference = 8C14E8A227A6EDE800F93D29 /* BitManipulation */;
			productType = "com.apple.product-type.tool";
		};
		8C3ADAEB2775AA8600A6C99A /* Strings */ = {
			isa = PBXNativeTarget;
			buildConfigurationList = 8C3ADAF02775AA8700A6C99A /* Build configuration list for PBXNativeTarget "Strings" */;
			buildPhases = (
				8C3ADAE82775AA8600A6C99A /* Sources */,
				8C3ADAE92775AA8600A6C99A /* Frameworks */,
				8C3ADAEA2775AA8600A6C99A /* CopyFiles */,
			);
			buildRules = (
			);
			dependencies = (
			);
			name = Strings;
			productName = Strings;
			productReference = 8C3ADAEC2775AA8600A6C99A /* Strings */;
			productType = "com.apple.product-type.tool";
		};
		8C42E48F2770951C00D2D841 /* LinkedList */ = {
			isa = PBXNativeTarget;
			buildConfigurationList = 8C42E4942770951C00D2D841 /* Build configuration list for PBXNativeTarget "LinkedList" */;
			buildPhases = (
				8C42E48C2770951C00D2D841 /* Sources */,
				8C42E48D2770951C00D2D841 /* Frameworks */,
				8C42E48E2770951C00D2D841 /* CopyFiles */,
			);
			buildRules = (
			);
			dependencies = (
			);
			name = LinkedList;
			productName = LinkedList;
			productReference = 8C42E4902770951C00D2D841 /* LinkedList */;
			productType = "com.apple.product-type.tool";
		};
		8C4690A42770F2AA001B9381 /* LearningTheLang */ = {
			isa = PBXNativeTarget;
			buildConfigurationList = 8C4690AB2770F2AA001B9381 /* Build configuration list for PBXNativeTarget "LearningTheLang" */;
			buildPhases = (
				8C4690A12770F2AA001B9381 /* Sources */,
				8C4690A22770F2AA001B9381 /* Frameworks */,
				8C4690A32770F2AA001B9381 /* CopyFiles */,
			);
			buildRules = (
			);
			dependencies = (
			);
			name = LearningTheLang;
			productName = LearningTheLang;
			productReference = 8C4690A52770F2AA001B9381 /* LearningTheLang */;
			productType = "com.apple.product-type.tool";
		};
		8C6A5916276A31AB007DDBFE /* Scaler_DSA */ = {
			isa = PBXNativeTarget;
			buildConfigurationList = 8C6A591E276A31AB007DDBFE /* Build configuration list for PBXNativeTarget "Scaler_DSA" */;
			buildPhases = (
				8C6A5913276A31AB007DDBFE /* Sources */,
				8C6A5914276A31AB007DDBFE /* Frameworks */,
				8C6A5915276A31AB007DDBFE /* CopyFiles */,
			);
			buildRules = (
			);
			dependencies = (
			);
			name = Scaler_DSA;
			productName = Scaler_DSA;
			productReference = 8C6A5917276A31AB007DDBFE /* Scaler_DSA */;
			productType = "com.apple.product-type.tool";
		};
		8C7BE4B027803EC300B5C33C /* LeetCode */ = {
			isa = PBXNativeTarget;
			buildConfigurationList = 8C7BE4B727803EC300B5C33C /* Build configuration list for PBXNativeTarget "LeetCode" */;
			buildPhases = (
				8C7BE4AD27803EC300B5C33C /* Sources */,
				8C7BE4AE27803EC300B5C33C /* Frameworks */,
				8C7BE4AF27803EC300B5C33C /* CopyFiles */,
			);
			buildRules = (
			);
			dependencies = (
			);
			name = LeetCode;
			productName = LeetCode;
			productReference = 8C7BE4B127803EC300B5C33C /* LeetCode */;
			productType = "com.apple.product-type.tool";
		};
		8C7BE4C72782169700B5C33C /* Trees */ = {
			isa = PBXNativeTarget;
			buildConfigurationList = 8C7BE4CC2782169800B5C33C /* Build configuration list for PBXNativeTarget "Trees" */;
			buildPhases = (
				8C7BE4C42782169700B5C33C /* Sources */,
				8C7BE4C52782169700B5C33C /* Frameworks */,
				8C7BE4C62782169700B5C33C /* CopyFiles */,
			);
			buildRules = (
			);
			dependencies = (
			);
			name = Trees;
			productName = Trees;
			productReference = 8C7BE4C82782169700B5C33C /* Trees */;
			productType = "com.apple.product-type.tool";
		};
		8C7BE4D42782FFD600B5C33C /* Recursion */ = {
			isa = PBXNativeTarget;
			buildConfigurationList = 8C7BE4D92782FFD600B5C33C /* Build configuration list for PBXNativeTarget "Recursion" */;
			buildPhases = (
				8C7BE4D12782FFD600B5C33C /* Sources */,
				8C7BE4D22782FFD600B5C33C /* Frameworks */,
				8C7BE4D32782FFD600B5C33C /* CopyFiles */,
			);
			buildRules = (
			);
			dependencies = (
			);
			name = Recursion;
			productName = Recursion;
			productReference = 8C7BE4D52782FFD600B5C33C /* Recursion */;
			productType = "com.apple.product-type.tool";
		};
		8C7BE4E12783CA4600B5C33C /* Stack */ = {
			isa = PBXNativeTarget;
			buildConfigurationList = 8C7BE4E62783CA4600B5C33C /* Build configuration list for PBXNativeTarget "Stack" */;
			buildPhases = (
				8C7BE4DE2783CA4600B5C33C /* Sources */,
				8C7BE4DF2783CA4600B5C33C /* Frameworks */,
				8C7BE4E02783CA4600B5C33C /* CopyFiles */,
			);
			buildRules = (
			);
			dependencies = (
			);
			name = Stack;
			productName = Stack;
			productReference = 8C7BE4E22783CA4600B5C33C /* Stack */;
			productType = "com.apple.product-type.tool";
		};
		8C9174182776EEEB005448CA /* greatestElmentsOne */ = {
			isa = PBXNativeTarget;
			buildConfigurationList = 8C91741F2776EEEB005448CA /* Build configuration list for PBXNativeTarget "greatestElmentsOne" */;
			buildPhases = (
				8C9174152776EEEB005448CA /* Sources */,
				8C9174162776EEEB005448CA /* Frameworks */,
				8C9174172776EEEB005448CA /* CopyFiles */,
			);
			buildRules = (
			);
			dependencies = (
			);
			name = greatestElmentsOne;
			productName = greatestElmentsOne;
			productReference = 8C9174192776EEEB005448CA /* greatestElmentsOne */;
			productType = "com.apple.product-type.tool";
		};
		8C9174232776EF04005448CA /* Arrays */ = {
			isa = PBXNativeTarget;
			buildConfigurationList = 8C9174282776EF04005448CA /* Build configuration list for PBXNativeTarget "Arrays" */;
			buildPhases = (
				8C9174202776EF04005448CA /* Sources */,
				8C9174212776EF04005448CA /* Frameworks */,
				8C9174222776EF04005448CA /* CopyFiles */,
			);
			buildRules = (
			);
			dependencies = (
			);
			name = Arrays;
			productName = Arrays;
			productReference = 8C9174242776EF04005448CA /* Arrays */;
			productType = "com.apple.product-type.tool";
		};
		8C95091027882C65000EBE2E /* AdvancedArray */ = {
			isa = PBXNativeTarget;
			buildConfigurationList = 8C95091527882C65000EBE2E /* Build configuration list for PBXNativeTarget "AdvancedArray" */;
			buildPhases = (
				8C95090D27882C65000EBE2E /* Sources */,
				8C95090E27882C65000EBE2E /* Frameworks */,
				8C95090F27882C65000EBE2E /* CopyFiles */,
			);
			buildRules = (
			);
			dependencies = (
			);
			name = AdvancedArray;
			productName = AdvancedArray;
			productReference = 8C95091127882C65000EBE2E /* AdvancedArray */;
			productType = "com.apple.product-type.tool";
		};
		8CB21B3C276B5F05008FEFFB /* Hashing */ = {
			isa = PBXNativeTarget;
			buildConfigurationList = 8CB21B41276B5F05008FEFFB /* Build configuration list for PBXNativeTarget "Hashing" */;
			buildPhases = (
				8CB21B39276B5F05008FEFFB /* Sources */,
				8CB21B3A276B5F05008FEFFB /* Frameworks */,
				8CB21B3B276B5F05008FEFFB /* CopyFiles */,
			);
			buildRules = (
			);
			dependencies = (
			);
			name = Hashing;
			productName = Hashing;
			productReference = 8CB21B3D276B5F05008FEFFB /* Hashing */;
			productType = "com.apple.product-type.tool";
		};
		8CB5A5B92778FBFD00CD1D90 /* Sorting */ = {
			isa = PBXNativeTarget;
			buildConfigurationList = 8CB5A5BE2778FBFD00CD1D90 /* Build configuration list for PBXNativeTarget "Sorting" */;
			buildPhases = (
				8CB5A5B62778FBFD00CD1D90 /* Sources */,
				8CB5A5B72778FBFD00CD1D90 /* Frameworks */,
				8CB5A5B82778FBFD00CD1D90 /* CopyFiles */,
			);
			buildRules = (
			);
			dependencies = (
			);
			name = Sorting;
			productName = Sorting;
			productReference = 8CB5A5BA2778FBFD00CD1D90 /* Sorting */;
			productType = "com.apple.product-type.tool";
		};
		8CC3F67F2794B6330003D18F /* TwoPointers */ = {
			isa = PBXNativeTarget;
			buildConfigurationList = 8CC3F6842794B6330003D18F /* Build configuration list for PBXNativeTarget "TwoPointers" */;
			buildPhases = (
				8CC3F67C2794B6330003D18F /* Sources */,
				8CC3F67D2794B6330003D18F /* Frameworks */,
				8CC3F67E2794B6330003D18F /* CopyFiles */,
			);
			buildRules = (
			);
			dependencies = (
			);
			name = TwoPointers;
			productName = TwoPointers;
			productReference = 8CC3F6802794B6330003D18F /* TwoPointers */;
			productType = "com.apple.product-type.tool";
		};
		8CC7BF6D2797F9F0003A3331 /* CodeForces */ = {
			isa = PBXNativeTarget;
			buildConfigurationList = 8CC7BF742797F9F0003A3331 /* Build configuration list for PBXNativeTarget "CodeForces" */;
			buildPhases = (
				8CC7BF6A2797F9F0003A3331 /* Sources */,
				8CC7BF6B2797F9F0003A3331 /* Frameworks */,
				8CC7BF6C2797F9F0003A3331 /* CopyFiles */,
			);
			buildRules = (
			);
			dependencies = (
			);
			name = CodeForces;
			productName = CodeForces;
			productReference = 8CC7BF6E2797F9F0003A3331 /* CodeForces */;
			productType = "com.apple.product-type.tool";
		};
		8CFFD3E9279AA56A00E25C2E /* Maths */ = {
			isa = PBXNativeTarget;
			buildConfigurationList = 8CFFD3F0279AA56A00E25C2E /* Build configuration list for PBXNativeTarget "Maths" */;
			buildPhases = (
				8CFFD3E6279AA56A00E25C2E /* Sources */,
				8CFFD3E7279AA56A00E25C2E /* Frameworks */,
				8CFFD3E8279AA56A00E25C2E /* CopyFiles */,
			);
			buildRules = (
			);
			dependencies = (
			);
			name = Maths;
			productName = Maths;
			productReference = 8CFFD3EA279AA56A00E25C2E /* Maths */;
			productType = "com.apple.product-type.tool";
		};
/* End PBXNativeTarget section */

/* Begin PBXProject section */
		8C6A590F276A31AB007DDBFE /* Project object */ = {
			isa = PBXProject;
			attributes = {
				BuildIndependentTargetsInParallel = 1;
				LastSwiftUpdateCheck = 1320;
				LastUpgradeCheck = 1320;
				TargetAttributes = {
					8C14E8A127A6EDE800F93D29 = {
						CreatedOnToolsVersion = 13.2.1;
					};
					8C3ADAEB2775AA8600A6C99A = {
						CreatedOnToolsVersion = 13.2.1;
					};
					8C42E48F2770951C00D2D841 = {
						CreatedOnToolsVersion = 13.2.1;
					};
					8C4690A42770F2AA001B9381 = {
						CreatedOnToolsVersion = 13.2.1;
					};
					8C6A5916276A31AB007DDBFE = {
						CreatedOnToolsVersion = 13.1;
					};
					8C7BE4B027803EC300B5C33C = {
						CreatedOnToolsVersion = 13.2.1;
					};
					8C7BE4C72782169700B5C33C = {
						CreatedOnToolsVersion = 13.2.1;
					};
					8C7BE4D42782FFD600B5C33C = {
						CreatedOnToolsVersion = 13.2.1;
					};
					8C7BE4E12783CA4600B5C33C = {
						CreatedOnToolsVersion = 13.2.1;
					};
					8C9174182776EEEB005448CA = {
						CreatedOnToolsVersion = 13.2.1;
					};
					8C9174232776EF04005448CA = {
						CreatedOnToolsVersion = 13.2.1;
					};
					8C95091027882C65000EBE2E = {
						CreatedOnToolsVersion = 13.2.1;
					};
					8CB21B3C276B5F05008FEFFB = {
						CreatedOnToolsVersion = 13.1;
					};
					8CB5A5B92778FBFD00CD1D90 = {
						CreatedOnToolsVersion = 13.2.1;
					};
					8CC3F67F2794B6330003D18F = {
						CreatedOnToolsVersion = 13.2.1;
					};
					8CC7BF6D2797F9F0003A3331 = {
						CreatedOnToolsVersion = 13.2.1;
					};
					8CFFD3E9279AA56A00E25C2E = {
						CreatedOnToolsVersion = 13.2.1;
					};
				};
			};
			buildConfigurationList = 8C6A5912276A31AB007DDBFE /* Build configuration list for PBXProject "Scaler_DSA" */;
			compatibilityVersion = "Xcode 13.0";
			developmentRegion = en;
			hasScannedForEncodings = 0;
			knownRegions = (
				en,
				Base,
			);
			mainGroup = 8C6A590E276A31AB007DDBFE;
			productRefGroup = 8C6A5918276A31AB007DDBFE /* Products */;
			projectDirPath = "";
			projectRoot = "";
			targets = (
				8C6A5916276A31AB007DDBFE /* Scaler_DSA */,
				8CB21B3C276B5F05008FEFFB /* Hashing */,
				8C42E48F2770951C00D2D841 /* LinkedList */,
				8C4690A42770F2AA001B9381 /* LearningTheLang */,
				8C3ADAEB2775AA8600A6C99A /* Strings */,
				8C9174182776EEEB005448CA /* greatestElmentsOne */,
				8C9174232776EF04005448CA /* Arrays */,
				8CB5A5B92778FBFD00CD1D90 /* Sorting */,
				8C7BE4B027803EC300B5C33C /* LeetCode */,
				8C7BE4C72782169700B5C33C /* Trees */,
				8C7BE4D42782FFD600B5C33C /* Recursion */,
				8C7BE4E12783CA4600B5C33C /* Stack */,
				8C95091027882C65000EBE2E /* AdvancedArray */,
				8CC3F67F2794B6330003D18F /* TwoPointers */,
				8CC7BF6D2797F9F0003A3331 /* CodeForces */,
				8CFFD3E9279AA56A00E25C2E /* Maths */,
				8C14E8A127A6EDE800F93D29 /* BitManipulation */,
			);
		};
/* End PBXProject section */

/* Begin PBXSourcesBuildPhase section */
		8C14E89E27A6EDE800F93D29 /* Sources */ = {
			isa = PBXSourcesBuildPhase;
			buildActionMask = 2147483647;
			files = (
				8C14E8AA27A6EE0200F93D29 /* singleNumber2.cpp in Sources */,
			);
			runOnlyForDeploymentPostprocessing = 0;
		};
		8C3ADAE82775AA8600A6C99A /* Sources */ = {
			isa = PBXSourcesBuildPhase;
			buildActionMask = 2147483647;
			files = (
				8C2EC6772792AB0F0088E804 /* longestCommonPrefix.cpp in Sources */,
			);
			runOnlyForDeploymentPostprocessing = 0;
		};
		8C42E48C2770951C00D2D841 /* Sources */ = {
			isa = PBXSourcesBuildPhase;
			buildActionMask = 2147483647;
			files = (
				8C15AAE3278EDB900037089D /* creatingNode.cpp in Sources */,
			);
			runOnlyForDeploymentPostprocessing = 0;
		};
		8C4690A12770F2AA001B9381 /* Sources */ = {
			isa = PBXSourcesBuildPhase;
			buildActionMask = 2147483647;
			files = (
				8C15AAE2278EC9F60037089D /* linked.cpp in Sources */,
			);
			runOnlyForDeploymentPostprocessing = 0;
		};
		8C6A5913276A31AB007DDBFE /* Sources */ = {
			isa = PBXSourcesBuildPhase;
			buildActionMask = 2147483647;
			files = (
				8C6A591B276A31AB007DDBFE /* main.cpp in Sources */,
			);
			runOnlyForDeploymentPostprocessing = 0;
		};
		8C7BE4AD27803EC300B5C33C /* Sources */ = {
			isa = PBXSourcesBuildPhase;
			buildActionMask = 2147483647;
			files = (
				8C14E89D27A671A200F93D29 /* keepMultiplyingFoundValuesbyTwo.cpp in Sources */,
			);
			runOnlyForDeploymentPostprocessing = 0;
		};
		8C7BE4C42782169700B5C33C /* Sources */ = {
			isa = PBXSourcesBuildPhase;
			buildActionMask = 2147483647;
			files = (
				8C771F7A279BF88A009FE7CE /* nodeCount.cpp in Sources */,
			);
			runOnlyForDeploymentPostprocessing = 0;
		};
		8C7BE4D12782FFD600B5C33C /* Sources */ = {
			isa = PBXSourcesBuildPhase;
			buildActionMask = 2147483647;
			files = (
				8C494E8D27AAE64500C140A1 /* powerExponential.cpp in Sources */,
			);
			runOnlyForDeploymentPostprocessing = 0;
		};
		8C7BE4DE2783CA4600B5C33C /* Sources */ = {
			isa = PBXSourcesBuildPhase;
			buildActionMask = 2147483647;
			files = (
				8C7BE4F027846BC900B5C33C /* balancedParanthesis.cpp in Sources */,
				8C7BE4EA2783CA6A00B5C33C /* minStack.cpp in Sources */,
			);
			runOnlyForDeploymentPostprocessing = 0;
		};
		8C9174152776EEEB005448CA /* Sources */ = {
			isa = PBXSourcesBuildPhase;
			buildActionMask = 2147483647;
			files = (
			);
			runOnlyForDeploymentPostprocessing = 0;
		};
		8C9174202776EF04005448CA /* Sources */ = {
			isa = PBXSourcesBuildPhase;
			buildActionMask = 2147483647;
			files = (
				8C389992278BFF0D00152CA7 /* LargetContinuousSeqZeroSum.cpp in Sources */,
			);
			runOnlyForDeploymentPostprocessing = 0;
		};
		8C95090D27882C65000EBE2E /* Sources */ = {
			isa = PBXSourcesBuildPhase;
			buildActionMask = 2147483647;
			files = (
				8C494E9127B6CD6F00C140A1 /* arrayWIthConsecElems.cpp in Sources */,
			);
			runOnlyForDeploymentPostprocessing = 0;
		};
		8CB21B39276B5F05008FEFFB /* Sources */ = {
			isa = PBXSourcesBuildPhase;
			buildActionMask = 2147483647;
			files = (
				8C14E89727A5450600F93D29 /* pairWithGivenXor.cpp in Sources */,
			);
			runOnlyForDeploymentPostprocessing = 0;
		};
		8CB5A5B62778FBFD00CD1D90 /* Sources */ = {
			isa = PBXSourcesBuildPhase;
			buildActionMask = 2147483647;
			files = (
				8C494E8F27B54EA400C140A1 /* insertionSort.cpp in Sources */,
			);
			runOnlyForDeploymentPostprocessing = 0;
		};
		8CC3F67C2794B6330003D18F /* Sources */ = {
			isa = PBXSourcesBuildPhase;
			buildActionMask = 2147483647;
			files = (
				8CBD035227973AEE00BC5760 /* Smallest_Subarray_With_a_Given_Sum.cpp in Sources */,
			);
			runOnlyForDeploymentPostprocessing = 0;
		};
		8CC7BF6A2797F9F0003A3331 /* Sources */ = {
			isa = PBXSourcesBuildPhase;
			buildActionMask = 2147483647;
			files = (
				8CC7BF762797FA08003A3331 /* wayTooLongWords.cpp in Sources */,
			);
			runOnlyForDeploymentPostprocessing = 0;
		};
		8CFFD3E6279AA56A00E25C2E /* Sources */ = {
			isa = PBXSourcesBuildPhase;
			buildActionMask = 2147483647;
			files = (
				8C07D2D527A25FE7003F9F28 /* GreatestCommonDiivisor.cpp in Sources */,
			);
			runOnlyForDeploymentPostprocessing = 0;
		};
/* End PBXSourcesBuildPhase section */

/* Begin XCBuildConfiguration section */
		8C14E8A727A6EDE800F93D29 /* Debug */ = {
			isa = XCBuildConfiguration;
			buildSettings = {
				CODE_SIGN_STYLE = Automatic;
				DEVELOPMENT_TEAM = 748W2XNRKG;
				ENABLE_HARDENED_RUNTIME = YES;
				MACOSX_DEPLOYMENT_TARGET = 12.1;
				PRODUCT_NAME = "$(TARGET_NAME)";
			};
			name = Debug;
		};
		8C14E8A827A6EDE800F93D29 /* Release */ = {
			isa = XCBuildConfiguration;
			buildSettings = {
				CODE_SIGN_STYLE = Automatic;
				DEVELOPMENT_TEAM = 748W2XNRKG;
				ENABLE_HARDENED_RUNTIME = YES;
				MACOSX_DEPLOYMENT_TARGET = 12.1;
				PRODUCT_NAME = "$(TARGET_NAME)";
			};
			name = Release;
		};
		8C3ADAF12775AA8700A6C99A /* Debug */ = {
			isa = XCBuildConfiguration;
			buildSettings = {
				CODE_SIGN_STYLE = Automatic;
				DEVELOPMENT_TEAM = 748W2XNRKG;
				ENABLE_HARDENED_RUNTIME = YES;
				PRODUCT_NAME = "$(TARGET_NAME)";
			};
			name = Debug;
		};
		8C3ADAF22775AA8700A6C99A /* Release */ = {
			isa = XCBuildConfiguration;
			buildSettings = {
				CODE_SIGN_STYLE = Automatic;
				DEVELOPMENT_TEAM = 748W2XNRKG;
				ENABLE_HARDENED_RUNTIME = YES;
				PRODUCT_NAME = "$(TARGET_NAME)";
			};
			name = Release;
		};
		8C42E4952770951C00D2D841 /* Debug */ = {
			isa = XCBuildConfiguration;
			buildSettings = {
				CODE_SIGN_IDENTITY = "-";
				CODE_SIGN_STYLE = Automatic;
				DEVELOPMENT_TEAM = 748W2XNRKG;
				ENABLE_HARDENED_RUNTIME = YES;
				PRODUCT_NAME = "$(TARGET_NAME)";
			};
			name = Debug;
		};
		8C42E4962770951C00D2D841 /* Release */ = {
			isa = XCBuildConfiguration;
			buildSettings = {
				CODE_SIGN_IDENTITY = "-";
				CODE_SIGN_STYLE = Automatic;
				DEVELOPMENT_TEAM = 748W2XNRKG;
				ENABLE_HARDENED_RUNTIME = YES;
				PRODUCT_NAME = "$(TARGET_NAME)";
			};
			name = Release;
		};
		8C4690A92770F2AA001B9381 /* Debug */ = {
			isa = XCBuildConfiguration;
			buildSettings = {
				CODE_SIGN_IDENTITY = "-";
				CODE_SIGN_STYLE = Automatic;
				DEVELOPMENT_TEAM = 748W2XNRKG;
				ENABLE_HARDENED_RUNTIME = YES;
				PRODUCT_NAME = "$(TARGET_NAME)";
			};
			name = Debug;
		};
		8C4690AA2770F2AA001B9381 /* Release */ = {
			isa = XCBuildConfiguration;
			buildSettings = {
				CODE_SIGN_IDENTITY = "-";
				CODE_SIGN_STYLE = Automatic;
				DEVELOPMENT_TEAM = 748W2XNRKG;
				ENABLE_HARDENED_RUNTIME = YES;
				PRODUCT_NAME = "$(TARGET_NAME)";
			};
			name = Release;
		};
		8C6A591C276A31AB007DDBFE /* Debug */ = {
			isa = XCBuildConfiguration;
			buildSettings = {
				ALWAYS_SEARCH_USER_PATHS = NO;
				CLANG_ANALYZER_NONNULL = YES;
				CLANG_ANALYZER_NUMBER_OBJECT_CONVERSION = YES_AGGRESSIVE;
				CLANG_CXX_LANGUAGE_STANDARD = "gnu++17";
				CLANG_CXX_LIBRARY = "libc++";
				CLANG_ENABLE_MODULES = YES;
				CLANG_ENABLE_OBJC_ARC = YES;
				CLANG_ENABLE_OBJC_WEAK = YES;
				CLANG_WARN_BLOCK_CAPTURE_AUTORELEASING = YES;
				CLANG_WARN_BOOL_CONVERSION = YES;
				CLANG_WARN_COMMA = YES;
				CLANG_WARN_CONSTANT_CONVERSION = YES;
				CLANG_WARN_DEPRECATED_OBJC_IMPLEMENTATIONS = YES;
				CLANG_WARN_DIRECT_OBJC_ISA_USAGE = YES_ERROR;
				CLANG_WARN_DOCUMENTATION_COMMENTS = YES;
				CLANG_WARN_EMPTY_BODY = YES;
				CLANG_WARN_ENUM_CONVERSION = YES;
				CLANG_WARN_INFINITE_RECURSION = YES;
				CLANG_WARN_INT_CONVERSION = YES;
				CLANG_WARN_NON_LITERAL_NULL_CONVERSION = YES;
				CLANG_WARN_OBJC_IMPLICIT_RETAIN_SELF = YES;
				CLANG_WARN_OBJC_LITERAL_CONVERSION = YES;
				CLANG_WARN_OBJC_ROOT_CLASS = YES_ERROR;
				CLANG_WARN_QUOTED_INCLUDE_IN_FRAMEWORK_HEADER = YES;
				CLANG_WARN_RANGE_LOOP_ANALYSIS = YES;
				CLANG_WARN_STRICT_PROTOTYPES = YES;
				CLANG_WARN_SUSPICIOUS_MOVE = YES;
				CLANG_WARN_UNGUARDED_AVAILABILITY = YES_AGGRESSIVE;
				CLANG_WARN_UNREACHABLE_CODE = YES;
				CLANG_WARN__DUPLICATE_METHOD_MATCH = YES;
				COPY_PHASE_STRIP = NO;
				DEBUG_INFORMATION_FORMAT = dwarf;
				ENABLE_STRICT_OBJC_MSGSEND = YES;
				ENABLE_TESTABILITY = YES;
				GCC_C_LANGUAGE_STANDARD = gnu11;
				GCC_DYNAMIC_NO_PIC = NO;
				GCC_NO_COMMON_BLOCKS = YES;
				GCC_OPTIMIZATION_LEVEL = 0;
				GCC_PREPROCESSOR_DEFINITIONS = (
					"DEBUG=1",
					"$(inherited)",
				);
				GCC_WARN_64_TO_32_BIT_CONVERSION = YES;
				GCC_WARN_ABOUT_RETURN_TYPE = YES_ERROR;
				GCC_WARN_UNDECLARED_SELECTOR = YES;
				GCC_WARN_UNINITIALIZED_AUTOS = YES_AGGRESSIVE;
				GCC_WARN_UNUSED_FUNCTION = YES;
				GCC_WARN_UNUSED_VARIABLE = YES;
				MACOSX_DEPLOYMENT_TARGET = 12.0;
				MTL_ENABLE_DEBUG_INFO = INCLUDE_SOURCE;
				MTL_FAST_MATH = YES;
				ONLY_ACTIVE_ARCH = YES;
				SDKROOT = macosx;
			};
			name = Debug;
		};
		8C6A591D276A31AB007DDBFE /* Release */ = {
			isa = XCBuildConfiguration;
			buildSettings = {
				ALWAYS_SEARCH_USER_PATHS = NO;
				CLANG_ANALYZER_NONNULL = YES;
				CLANG_ANALYZER_NUMBER_OBJECT_CONVERSION = YES_AGGRESSIVE;
				CLANG_CXX_LANGUAGE_STANDARD = "gnu++17";
				CLANG_CXX_LIBRARY = "libc++";
				CLANG_ENABLE_MODULES = YES;
				CLANG_ENABLE_OBJC_ARC = YES;
				CLANG_ENABLE_OBJC_WEAK = YES;
				CLANG_WARN_BLOCK_CAPTURE_AUTORELEASING = YES;
				CLANG_WARN_BOOL_CONVERSION = YES;
				CLANG_WARN_COMMA = YES;
				CLANG_WARN_CONSTANT_CONVERSION = YES;
				CLANG_WARN_DEPRECATED_OBJC_IMPLEMENTATIONS = YES;
				CLANG_WARN_DIRECT_OBJC_ISA_USAGE = YES_ERROR;
				CLANG_WARN_DOCUMENTATION_COMMENTS = YES;
				CLANG_WARN_EMPTY_BODY = YES;
				CLANG_WARN_ENUM_CONVERSION = YES;
				CLANG_WARN_INFINITE_RECURSION = YES;
				CLANG_WARN_INT_CONVERSION = YES;
				CLANG_WARN_NON_LITERAL_NULL_CONVERSION = YES;
				CLANG_WARN_OBJC_IMPLICIT_RETAIN_SELF = YES;
				CLANG_WARN_OBJC_LITERAL_CONVERSION = YES;
				CLANG_WARN_OBJC_ROOT_CLASS = YES_ERROR;
				CLANG_WARN_QUOTED_INCLUDE_IN_FRAMEWORK_HEADER = YES;
				CLANG_WARN_RANGE_LOOP_ANALYSIS = YES;
				CLANG_WARN_STRICT_PROTOTYPES = YES;
				CLANG_WARN_SUSPICIOUS_MOVE = YES;
				CLANG_WARN_UNGUARDED_AVAILABILITY = YES_AGGRESSIVE;
				CLANG_WARN_UNREACHABLE_CODE = YES;
				CLANG_WARN__DUPLICATE_METHOD_MATCH = YES;
				COPY_PHASE_STRIP = NO;
				DEBUG_INFORMATION_FORMAT = "dwarf-with-dsym";
				ENABLE_NS_ASSERTIONS = NO;
				ENABLE_STRICT_OBJC_MSGSEND = YES;
				GCC_C_LANGUAGE_STANDARD = gnu11;
				GCC_NO_COMMON_BLOCKS = YES;
				GCC_WARN_64_TO_32_BIT_CONVERSION = YES;
				GCC_WARN_ABOUT_RETURN_TYPE = YES_ERROR;
				GCC_WARN_UNDECLARED_SELECTOR = YES;
				GCC_WARN_UNINITIALIZED_AUTOS = YES_AGGRESSIVE;
				GCC_WARN_UNUSED_FUNCTION = YES;
				GCC_WARN_UNUSED_VARIABLE = YES;
				MACOSX_DEPLOYMENT_TARGET = 12.0;
				MTL_ENABLE_DEBUG_INFO = NO;
				MTL_FAST_MATH = YES;
				SDKROOT = macosx;
			};
			name = Release;
		};
		8C6A591F276A31AB007DDBFE /* Debug */ = {
			isa = XCBuildConfiguration;
			buildSettings = {
				CODE_SIGN_IDENTITY = "-";
				CODE_SIGN_STYLE = Automatic;
				PRODUCT_NAME = "$(TARGET_NAME)";
			};
			name = Debug;
		};
		8C6A5920276A31AB007DDBFE /* Release */ = {
			isa = XCBuildConfiguration;
			buildSettings = {
				CODE_SIGN_IDENTITY = "-";
				CODE_SIGN_STYLE = Automatic;
				PRODUCT_NAME = "$(TARGET_NAME)";
			};
			name = Release;
		};
		8C7BE4B527803EC300B5C33C /* Debug */ = {
			isa = XCBuildConfiguration;
			buildSettings = {
				CODE_SIGN_STYLE = Automatic;
				DEVELOPMENT_TEAM = 748W2XNRKG;
				ENABLE_HARDENED_RUNTIME = YES;
				PRODUCT_NAME = "$(TARGET_NAME)";
			};
			name = Debug;
		};
		8C7BE4B627803EC300B5C33C /* Release */ = {
			isa = XCBuildConfiguration;
			buildSettings = {
				CODE_SIGN_STYLE = Automatic;
				DEVELOPMENT_TEAM = 748W2XNRKG;
				ENABLE_HARDENED_RUNTIME = YES;
				PRODUCT_NAME = "$(TARGET_NAME)";
			};
			name = Release;
		};
		8C7BE4CD2782169800B5C33C /* Debug */ = {
			isa = XCBuildConfiguration;
			buildSettings = {
				CODE_SIGN_STYLE = Automatic;
				DEVELOPMENT_TEAM = 748W2XNRKG;
				ENABLE_HARDENED_RUNTIME = YES;
				PRODUCT_NAME = "$(TARGET_NAME)";
			};
			name = Debug;
		};
		8C7BE4CE2782169800B5C33C /* Release */ = {
			isa = XCBuildConfiguration;
			buildSettings = {
				CODE_SIGN_STYLE = Automatic;
				DEVELOPMENT_TEAM = 748W2XNRKG;
				ENABLE_HARDENED_RUNTIME = YES;
				PRODUCT_NAME = "$(TARGET_NAME)";
			};
			name = Release;
		};
		8C7BE4DA2782FFD600B5C33C /* Debug */ = {
			isa = XCBuildConfiguration;
			buildSettings = {
				CODE_SIGN_STYLE = Automatic;
				DEVELOPMENT_TEAM = 748W2XNRKG;
				ENABLE_HARDENED_RUNTIME = YES;
				PRODUCT_NAME = "$(TARGET_NAME)";
			};
			name = Debug;
		};
		8C7BE4DB2782FFD600B5C33C /* Release */ = {
			isa = XCBuildConfiguration;
			buildSettings = {
				CODE_SIGN_STYLE = Automatic;
				DEVELOPMENT_TEAM = 748W2XNRKG;
				ENABLE_HARDENED_RUNTIME = YES;
				PRODUCT_NAME = "$(TARGET_NAME)";
			};
			name = Release;
		};
		8C7BE4E72783CA4600B5C33C /* Debug */ = {
			isa = XCBuildConfiguration;
			buildSettings = {
				CODE_SIGN_STYLE = Automatic;
				DEVELOPMENT_TEAM = 748W2XNRKG;
				ENABLE_HARDENED_RUNTIME = YES;
				PRODUCT_NAME = "$(TARGET_NAME)";
			};
			name = Debug;
		};
		8C7BE4E82783CA4600B5C33C /* Release */ = {
			isa = XCBuildConfiguration;
			buildSettings = {
				CODE_SIGN_STYLE = Automatic;
				DEVELOPMENT_TEAM = 748W2XNRKG;
				ENABLE_HARDENED_RUNTIME = YES;
				PRODUCT_NAME = "$(TARGET_NAME)";
			};
			name = Release;
		};
		8C91741D2776EEEB005448CA /* Debug */ = {
			isa = XCBuildConfiguration;
			buildSettings = {
				CODE_SIGN_STYLE = Automatic;
				DEVELOPMENT_TEAM = 748W2XNRKG;
				ENABLE_HARDENED_RUNTIME = YES;
				PRODUCT_NAME = "$(TARGET_NAME)";
			};
			name = Debug;
		};
		8C91741E2776EEEB005448CA /* Release */ = {
			isa = XCBuildConfiguration;
			buildSettings = {
				CODE_SIGN_STYLE = Automatic;
				DEVELOPMENT_TEAM = 748W2XNRKG;
				ENABLE_HARDENED_RUNTIME = YES;
				PRODUCT_NAME = "$(TARGET_NAME)";
			};
			name = Release;
		};
		8C9174292776EF04005448CA /* Debug */ = {
			isa = XCBuildConfiguration;
			buildSettings = {
				CODE_SIGN_STYLE = Automatic;
				DEVELOPMENT_TEAM = 748W2XNRKG;
				ENABLE_HARDENED_RUNTIME = YES;
				PRODUCT_NAME = "$(TARGET_NAME)";
			};
			name = Debug;
		};
		8C91742A2776EF04005448CA /* Release */ = {
			isa = XCBuildConfiguration;
			buildSettings = {
				CODE_SIGN_STYLE = Automatic;
				DEVELOPMENT_TEAM = 748W2XNRKG;
				ENABLE_HARDENED_RUNTIME = YES;
				PRODUCT_NAME = "$(TARGET_NAME)";
			};
			name = Release;
		};
		8C95091627882C65000EBE2E /* Debug */ = {
			isa = XCBuildConfiguration;
			buildSettings = {
				CODE_SIGN_STYLE = Automatic;
				DEVELOPMENT_TEAM = 748W2XNRKG;
				ENABLE_HARDENED_RUNTIME = YES;
				MACOSX_DEPLOYMENT_TARGET = 12.1;
				PRODUCT_NAME = "$(TARGET_NAME)";
			};
			name = Debug;
		};
		8C95091727882C65000EBE2E /* Release */ = {
			isa = XCBuildConfiguration;
			buildSettings = {
				CODE_SIGN_STYLE = Automatic;
				DEVELOPMENT_TEAM = 748W2XNRKG;
				ENABLE_HARDENED_RUNTIME = YES;
				MACOSX_DEPLOYMENT_TARGET = 12.1;
				PRODUCT_NAME = "$(TARGET_NAME)";
			};
			name = Release;
		};
		8CB21B42276B5F05008FEFFB /* Debug */ = {
			isa = XCBuildConfiguration;
			buildSettings = {
				CODE_SIGN_IDENTITY = "-";
				CODE_SIGN_STYLE = Automatic;
				DEVELOPMENT_TEAM = 748W2XNRKG;
				ENABLE_HARDENED_RUNTIME = YES;
				PRODUCT_NAME = "$(TARGET_NAME)";
			};
			name = Debug;
		};
		8CB21B43276B5F05008FEFFB /* Release */ = {
			isa = XCBuildConfiguration;
			buildSettings = {
				CODE_SIGN_IDENTITY = "-";
				CODE_SIGN_STYLE = Automatic;
				DEVELOPMENT_TEAM = 748W2XNRKG;
				ENABLE_HARDENED_RUNTIME = YES;
				PRODUCT_NAME = "$(TARGET_NAME)";
			};
			name = Release;
		};
		8CB5A5BF2778FBFD00CD1D90 /* Debug */ = {
			isa = XCBuildConfiguration;
			buildSettings = {
				CODE_SIGN_STYLE = Automatic;
				DEVELOPMENT_TEAM = 748W2XNRKG;
				ENABLE_HARDENED_RUNTIME = YES;
				PRODUCT_NAME = "$(TARGET_NAME)";
			};
			name = Debug;
		};
		8CB5A5C02778FBFD00CD1D90 /* Release */ = {
			isa = XCBuildConfiguration;
			buildSettings = {
				CODE_SIGN_STYLE = Automatic;
				DEVELOPMENT_TEAM = 748W2XNRKG;
				ENABLE_HARDENED_RUNTIME = YES;
				PRODUCT_NAME = "$(TARGET_NAME)";
			};
			name = Release;
		};
		8CC3F6852794B6330003D18F /* Debug */ = {
			isa = XCBuildConfiguration;
			buildSettings = {
				CODE_SIGN_STYLE = Automatic;
				DEVELOPMENT_TEAM = 748W2XNRKG;
				ENABLE_HARDENED_RUNTIME = YES;
				MACOSX_DEPLOYMENT_TARGET = 12.1;
				PRODUCT_NAME = "$(TARGET_NAME)";
			};
			name = Debug;
		};
		8CC3F6862794B6330003D18F /* Release */ = {
			isa = XCBuildConfiguration;
			buildSettings = {
				CODE_SIGN_STYLE = Automatic;
				DEVELOPMENT_TEAM = 748W2XNRKG;
				ENABLE_HARDENED_RUNTIME = YES;
				MACOSX_DEPLOYMENT_TARGET = 12.1;
				PRODUCT_NAME = "$(TARGET_NAME)";
			};
			name = Release;
		};
		8CC7BF722797F9F0003A3331 /* Debug */ = {
			isa = XCBuildConfiguration;
			buildSettings = {
				CODE_SIGN_STYLE = Automatic;
				DEVELOPMENT_TEAM = 748W2XNRKG;
				ENABLE_HARDENED_RUNTIME = YES;
				MACOSX_DEPLOYMENT_TARGET = 12.1;
				PRODUCT_NAME = "$(TARGET_NAME)";
			};
			name = Debug;
		};
		8CC7BF732797F9F0003A3331 /* Release */ = {
			isa = XCBuildConfiguration;
			buildSettings = {
				CODE_SIGN_STYLE = Automatic;
				DEVELOPMENT_TEAM = 748W2XNRKG;
				ENABLE_HARDENED_RUNTIME = YES;
				MACOSX_DEPLOYMENT_TARGET = 12.1;
				PRODUCT_NAME = "$(TARGET_NAME)";
			};
			name = Release;
		};
		8CFFD3EE279AA56A00E25C2E /* Debug */ = {
			isa = XCBuildConfiguration;
			buildSettings = {
				CODE_SIGN_STYLE = Automatic;
				DEVELOPMENT_TEAM = 748W2XNRKG;
				ENABLE_HARDENED_RUNTIME = YES;
				MACOSX_DEPLOYMENT_TARGET = 12.1;
				PRODUCT_NAME = "$(TARGET_NAME)";
			};
			name = Debug;
		};
		8CFFD3EF279AA56A00E25C2E /* Release */ = {
			isa = XCBuildConfiguration;
			buildSettings = {
				CODE_SIGN_STYLE = Automatic;
				DEVELOPMENT_TEAM = 748W2XNRKG;
				ENABLE_HARDENED_RUNTIME = YES;
				MACOSX_DEPLOYMENT_TARGET = 12.1;
				PRODUCT_NAME = "$(TARGET_NAME)";
			};
			name = Release;
		};
/* End XCBuildConfiguration section */

/* Begin XCConfigurationList section */
		8C14E8A627A6EDE800F93D29 /* Build configuration list for PBXNativeTarget "BitManipulation" */ = {
			isa = XCConfigurationList;
			buildConfigurations = (
				8C14E8A727A6EDE800F93D29 /* Debug */,
				8C14E8A827A6EDE800F93D29 /* Release */,
			);
			defaultConfigurationIsVisible = 0;
			defaultConfigurationName = Release;
		};
		8C3ADAF02775AA8700A6C99A /* Build configuration list for PBXNativeTarget "Strings" */ = {
			isa = XCConfigurationList;
			buildConfigurations = (
				8C3ADAF12775AA8700A6C99A /* Debug */,
				8C3ADAF22775AA8700A6C99A /* Release */,
			);
			defaultConfigurationIsVisible = 0;
			defaultConfigurationName = Release;
		};
		8C42E4942770951C00D2D841 /* Build configuration list for PBXNativeTarget "LinkedList" */ = {
			isa = XCConfigurationList;
			buildConfigurations = (
				8C42E4952770951C00D2D841 /* Debug */,
				8C42E4962770951C00D2D841 /* Release */,
			);
			defaultConfigurationIsVisible = 0;
			defaultConfigurationName = Release;
		};
		8C4690AB2770F2AA001B9381 /* Build configuration list for PBXNativeTarget "LearningTheLang" */ = {
			isa = XCConfigurationList;
			buildConfigurations = (
				8C4690A92770F2AA001B9381 /* Debug */,
				8C4690AA2770F2AA001B9381 /* Release */,
			);
			defaultConfigurationIsVisible = 0;
			defaultConfigurationName = Release;
		};
		8C6A5912276A31AB007DDBFE /* Build configuration list for PBXProject "Scaler_DSA" */ = {
			isa = XCConfigurationList;
			buildConfigurations = (
				8C6A591C276A31AB007DDBFE /* Debug */,
				8C6A591D276A31AB007DDBFE /* Release */,
			);
			defaultConfigurationIsVisible = 0;
			defaultConfigurationName = Release;
		};
		8C6A591E276A31AB007DDBFE /* Build configuration list for PBXNativeTarget "Scaler_DSA" */ = {
			isa = XCConfigurationList;
			buildConfigurations = (
				8C6A591F276A31AB007DDBFE /* Debug */,
				8C6A5920276A31AB007DDBFE /* Release */,
			);
			defaultConfigurationIsVisible = 0;
			defaultConfigurationName = Release;
		};
		8C7BE4B727803EC300B5C33C /* Build configuration list for PBXNativeTarget "LeetCode" */ = {
			isa = XCConfigurationList;
			buildConfigurations = (
				8C7BE4B527803EC300B5C33C /* Debug */,
				8C7BE4B627803EC300B5C33C /* Release */,
			);
			defaultConfigurationIsVisible = 0;
			defaultConfigurationName = Release;
		};
		8C7BE4CC2782169800B5C33C /* Build configuration list for PBXNativeTarget "Trees" */ = {
			isa = XCConfigurationList;
			buildConfigurations = (
				8C7BE4CD2782169800B5C33C /* Debug */,
				8C7BE4CE2782169800B5C33C /* Release */,
			);
			defaultConfigurationIsVisible = 0;
			defaultConfigurationName = Release;
		};
		8C7BE4D92782FFD600B5C33C /* Build configuration list for PBXNativeTarget "Recursion" */ = {
			isa = XCConfigurationList;
			buildConfigurations = (
				8C7BE4DA2782FFD600B5C33C /* Debug */,
				8C7BE4DB2782FFD600B5C33C /* Release */,
			);
			defaultConfigurationIsVisible = 0;
			defaultConfigurationName = Release;
		};
		8C7BE4E62783CA4600B5C33C /* Build configuration list for PBXNativeTarget "Stack" */ = {
			isa = XCConfigurationList;
			buildConfigurations = (
				8C7BE4E72783CA4600B5C33C /* Debug */,
				8C7BE4E82783CA4600B5C33C /* Release */,
			);
			defaultConfigurationIsVisible = 0;
			defaultConfigurationName = Release;
		};
		8C91741F2776EEEB005448CA /* Build configuration list for PBXNativeTarget "greatestElmentsOne" */ = {
			isa = XCConfigurationList;
			buildConfigurations = (
				8C91741D2776EEEB005448CA /* Debug */,
				8C91741E2776EEEB005448CA /* Release */,
			);
			defaultConfigurationIsVisible = 0;
			defaultConfigurationName = Release;
		};
		8C9174282776EF04005448CA /* Build configuration list for PBXNativeTarget "Arrays" */ = {
			isa = XCConfigurationList;
			buildConfigurations = (
				8C9174292776EF04005448CA /* Debug */,
				8C91742A2776EF04005448CA /* Release */,
			);
			defaultConfigurationIsVisible = 0;
			defaultConfigurationName = Release;
		};
		8C95091527882C65000EBE2E /* Build configuration list for PBXNativeTarget "AdvancedArray" */ = {
			isa = XCConfigurationList;
			buildConfigurations = (
				8C95091627882C65000EBE2E /* Debug */,
				8C95091727882C65000EBE2E /* Release */,
			);
			defaultConfigurationIsVisible = 0;
			defaultConfigurationName = Release;
		};
		8CB21B41276B5F05008FEFFB /* Build configuration list for PBXNativeTarget "Hashing" */ = {
			isa = XCConfigurationList;
			buildConfigurations = (
				8CB21B42276B5F05008FEFFB /* Debug */,
				8CB21B43276B5F05008FEFFB /* Release */,
			);
			defaultConfigurationIsVisible = 0;
			defaultConfigurationName = Release;
		};
		8CB5A5BE2778FBFD00CD1D90 /* Build configuration list for PBXNativeTarget "Sorting" */ = {
			isa = XCConfigurationList;
			buildConfigurations = (
				8CB5A5BF2778FBFD00CD1D90 /* Debug */,
				8CB5A5C02778FBFD00CD1D90 /* Release */,
			);
			defaultConfigurationIsVisible = 0;
			defaultConfigurationName = Release;
		};
		8CC3F6842794B6330003D18F /* Build configuration list for PBXNativeTarget "TwoPointers" */ = {
			isa = XCConfigurationList;
			buildConfigurations = (
				8CC3F6852794B6330003D18F /* Debug */,
				8CC3F6862794B6330003D18F /* Release */,
			);
			defaultConfigurationIsVisible = 0;
			defaultConfigurationName = Release;
		};
		8CC7BF742797F9F0003A3331 /* Build configuration list for PBXNativeTarget "CodeForces" */ = {
			isa = XCConfigurationList;
			buildConfigurations = (
				8CC7BF722797F9F0003A3331 /* Debug */,
				8CC7BF732797F9F0003A3331 /* Release */,
			);
			defaultConfigurationIsVisible = 0;
			defaultConfigurationName = Release;
		};
		8CFFD3F0279AA56A00E25C2E /* Build configuration list for PBXNativeTarget "Maths" */ = {
			isa = XCConfigurationList;
			buildConfigurations = (
				8CFFD3EE279AA56A00E25C2E /* Debug */,
				8CFFD3EF279AA56A00E25C2E /* Release */,
			);
			defaultConfigurationIsVisible = 0;
			defaultConfigurationName = Release;
		};
/* End XCConfigurationList section */
	};
	rootObject = 8C6A590F276A31AB007DDBFE /* Project object */;
}
